// !$*UTF8*$!
{
	archiveVersion = 1;
	classes = {
	};
	objectVersion = 46;
	objects = {

/* Begin PBXBuildFile section */
		CF59B0682816BED02EEF5B58 /* TraktItem.swift in Sources */ = {isa = PBXBuildFile; fileRef = CF59B9DC69E000600D3833C2 /* TraktItem.swift */; };
		CF59B0A04821E2C975D26F98 /* MoviesViewModel.swift in Sources */ = {isa = PBXBuildFile; fileRef = CF59BD30D5751718C10719B1 /* MoviesViewModel.swift */; };
		CF59B0A917C7266090E1D66B /* MovieTableViewCell.swift in Sources */ = {isa = PBXBuildFile; fileRef = CF59BEB916BC8739B0441123 /* MovieTableViewCell.swift */; };
		CF59B111FC4FB5C92262A731 /* PopularMoviesViewModelInput.swift in Sources */ = {isa = PBXBuildFile; fileRef = CF59BB88FD4887554DE8D653 /* PopularMoviesViewModelInput.swift */; };
		CF59B19766B2E8AA4DB24D2C /* SearchMoviesViewModelInput.swift in Sources */ = {isa = PBXBuildFile; fileRef = CF59BCE041962299DF027B9A /* SearchMoviesViewModelInput.swift */; };
		CF59B1A147AB0C143EA2F2D9 /* Assets.swift in Sources */ = {isa = PBXBuildFile; fileRef = CF59BA004F582AC914DBFCFE /* Assets.swift */; };
		CF59B1B00420A23696EFD044 /* TraktSearchAPITests.swift in Sources */ = {isa = PBXBuildFile; fileRef = CF59BD7636FC554F8BF9CDCF /* TraktSearchAPITests.swift */; };
		CF59B1CEFA13811E41E5DC28 /* MoviesViewModelOutputMock.swift in Sources */ = {isa = PBXBuildFile; fileRef = CF59B6C9B738925CA1B82ECE /* MoviesViewModelOutputMock.swift */; };
		CF59B219762512A23522B885 /* JSONHelpers.swift in Sources */ = {isa = PBXBuildFile; fileRef = CF59B1BE98564A1F52C19860 /* JSONHelpers.swift */; };
		CF59B383C1406DE5A09CA4A4 /* TraktSearchAPIProtocol.swift in Sources */ = {isa = PBXBuildFile; fileRef = CF59BFA5DFF6241261AB7522 /* TraktSearchAPIProtocol.swift */; };
		CF59B3BACE182011B6759ABA /* SearchResultItem.swift in Sources */ = {isa = PBXBuildFile; fileRef = CF59B484B0E23FCD82227A5F /* SearchResultItem.swift */; };
		CF59B3C099809702A8F90C0F /* MoviesViewModelOutput.swift in Sources */ = {isa = PBXBuildFile; fileRef = CF59B39ED96FADA56C4D4CEB /* MoviesViewModelOutput.swift */; };
		CF59B3E1EA4DD95D38DD38DF /* SearchMovies.normal.json in Resources */ = {isa = PBXBuildFile; fileRef = CF59B055E64B1AED77102543 /* SearchMovies.normal.json */; };
		CF59B4052BCC35CA2E3370DB /* PopularMovies.normal.json in Resources */ = {isa = PBXBuildFile; fileRef = CF59B81C92FDE1575A46291A /* PopularMovies.normal.json */; };
		CF59B40D2E41B1CB8151DD11 /* ItemKind.swift in Sources */ = {isa = PBXBuildFile; fileRef = CF59BE61974E437AA3EC754C /* ItemKind.swift */; };
		CF59B41B2D965DAE26DC2E3C /* SearchMovies.invalid.json in Resources */ = {isa = PBXBuildFile; fileRef = CF59B2D8034733DDC7976E27 /* SearchMovies.invalid.json */; };
		CF59B41C689B7B1247C2A675 /* PopularMovies.normal.json in Resources */ = {isa = PBXBuildFile; fileRef = CF59B81C92FDE1575A46291A /* PopularMovies.normal.json */; };
		CF59B599C50E8527FE51D567 /* MovieImageKindTransformTests.swift in Sources */ = {isa = PBXBuildFile; fileRef = CF59BE77E3346F356DE19580 /* MovieImageKindTransformTests.swift */; };
		CF59B5BB0BD07ABB5C42513D /* MovieInfo.swift in Sources */ = {isa = PBXBuildFile; fileRef = CF59B44C3FA3AE1CFD83534D /* MovieInfo.swift */; };
		CF59B6007AD1F703C7677684 /* PopularMovies.invalid.json in Resources */ = {isa = PBXBuildFile; fileRef = CF59B78F1E5B52F657829612 /* PopularMovies.invalid.json */; };
		CF59B605A7B8F5B0E6C0C38D /* MainViewController.swift in Sources */ = {isa = PBXBuildFile; fileRef = CF59BDBFDC6E4E4865B2558C /* MainViewController.swift */; };
		CF59B6A3ECE200C20221E602 /* TraktSearchAPICancelable.swift in Sources */ = {isa = PBXBuildFile; fileRef = CF59B5B3D2C8575E7174AB69 /* TraktSearchAPICancelable.swift */; };
		CF59B6EB83544068EDE635CE /* Assets.xcassets in Resources */ = {isa = PBXBuildFile; fileRef = CF59BF1CF729D1B3E5480CA3 /* Assets.xcassets */; };
		CF59B6F4A59A5845CB0E19CD /* TrackSearchAPIMock.swift in Sources */ = {isa = PBXBuildFile; fileRef = CF59B02D1AE1BBE8DEBDEA5E /* TrackSearchAPIMock.swift */; };
		CF59B70C0C4C1ADCB45FF5C1 /* SearchMovies.invalid.json in Resources */ = {isa = PBXBuildFile; fileRef = CF59B2D8034733DDC7976E27 /* SearchMovies.invalid.json */; };
		CF59B7AB9547E8FA9182474A /* Headers.invalid.json in Resources */ = {isa = PBXBuildFile; fileRef = CF59B62FA7440F87C8E895D2 /* Headers.invalid.json */; };
		CF59B9204C7E9289C5DA1ED4 /* MovieTests.swift in Sources */ = {isa = PBXBuildFile; fileRef = CF59BA88A84877B5742EBB43 /* MovieTests.swift */; };
		CF59B94DF2FCB34CF6695705 /* ImageUrls.swift in Sources */ = {isa = PBXBuildFile; fileRef = CF59BFA6BDC02DEFA2F6E2BC /* ImageUrls.swift */; };
		CF59B99F586F295C5975840C /* SearchResultItemTests.swift in Sources */ = {isa = PBXBuildFile; fileRef = CF59B8F893D27F4E6B5729B5 /* SearchResultItemTests.swift */; };
		CF59B9E16E5345D9B942DBF8 /* ImageUrlsTests.swift in Sources */ = {isa = PBXBuildFile; fileRef = CF59BD2FCFF8C9AD30BB55ED /* ImageUrlsTests.swift */; };
		CF59B9E3542F8D113A210430 /* TraktSearchAPI.swift in Sources */ = {isa = PBXBuildFile; fileRef = CF59B66B37E7D5E26A3F2BF6 /* TraktSearchAPI.swift */; };
		CF59BA7373F16045C8C02C8D /* MoviesTableViewDataSource.swift in Sources */ = {isa = PBXBuildFile; fileRef = CF59B4AE62A3E13C35BDD2A9 /* MoviesTableViewDataSource.swift */; };
		CF59BAB5A29AF3B2865EB24B /* PopularMoviesViewModel.swift in Sources */ = {isa = PBXBuildFile; fileRef = CF59B6875C4CE2F7603641D9 /* PopularMoviesViewModel.swift */; };
		CF59BAF327DB6E38756A4FD6 /* Headers.invalid.json in Resources */ = {isa = PBXBuildFile; fileRef = CF59B62FA7440F87C8E895D2 /* Headers.invalid.json */; };
		CF59BAF410598B928E42DE70 /* MoviesRequestType.swift in Sources */ = {isa = PBXBuildFile; fileRef = CF59B32F7C11E4DC1047ED72 /* MoviesRequestType.swift */; };
		CF59BB24EE37F63AFCA85138 /* MoviesViewModelInput.swift in Sources */ = {isa = PBXBuildFile; fileRef = CF59B835E989921773F8008D /* MoviesViewModelInput.swift */; };
		CF59BB54D4FC908E9443A1BD /* XCTestCase+Helpers.swift in Sources */ = {isa = PBXBuildFile; fileRef = CF59B0BE756A3F73388D1624 /* XCTestCase+Helpers.swift */; };
		CF59BB56BD3E1A4781E5D71C /* MoviesResponse.swift in Sources */ = {isa = PBXBuildFile; fileRef = CF59BEBDC782616D8773AC6A /* MoviesResponse.swift */; };
		CF59BC0B3D748D1215055F59 /* MovieImageKind.swift in Sources */ = {isa = PBXBuildFile; fileRef = CF59B4E09B1B9D2A80CA418D /* MovieImageKind.swift */; };
		CF59BC88D978C06973BCA47E /* MovieInfoViewModelData.swift in Sources */ = {isa = PBXBuildFile; fileRef = CF59B4D56AB733300FF859B5 /* MovieInfoViewModelData.swift */; };
		CF59BD2BD8281C33F97DB3A5 /* SearchMoviesViewModel.swift in Sources */ = {isa = PBXBuildFile; fileRef = CF59B279E8FF5891EFD99022 /* SearchMoviesViewModel.swift */; };
		CF59BD456B58B8E0732079B7 /* Validable.swift in Sources */ = {isa = PBXBuildFile; fileRef = CF59B90F9F4C79F64600DB17 /* Validable.swift */; };
		CF59BD966AE55002B118B2C7 /* MoviesAssembly.swift in Sources */ = {isa = PBXBuildFile; fileRef = CF59B28BE8EEB0841E2A508E /* MoviesAssembly.swift */; };
		CF59BE57258639569C49A530 /* Headers.normal.json in Resources */ = {isa = PBXBuildFile; fileRef = CF59B0A913C46F881FC5D3FB /* Headers.normal.json */; };
		CF59BEC24C1067BF92F9BD2C /* PaginationInfo.swift in Sources */ = {isa = PBXBuildFile; fileRef = CF59B53487855E5D9380EA50 /* PaginationInfo.swift */; };
		CF59BEC65229A6F7B85DE966 /* PopularMovies.invalid.json in Resources */ = {isa = PBXBuildFile; fileRef = CF59B78F1E5B52F657829612 /* PopularMovies.invalid.json */; };
		CF59BF337EF94AEF725CA14B /* XCTestCase+Helpers.swift in Sources */ = {isa = PBXBuildFile; fileRef = CF59B0BE756A3F73388D1624 /* XCTestCase+Helpers.swift */; };
		CF59BF5F8EFC3799A3462620 /* MoviesViewModelData.swift in Sources */ = {isa = PBXBuildFile; fileRef = CF59B1B5DE7E7C62914FD460 /* MoviesViewModelData.swift */; };
		CF59BFAF6BB17AE13B62364C /* Movie.swift in Sources */ = {isa = PBXBuildFile; fileRef = CF59BDA24082057C5C7C8C2A /* Movie.swift */; };
		CF59BFB8B7355762E9A727B9 /* SearchMovies.normal.json in Resources */ = {isa = PBXBuildFile; fileRef = CF59B055E64B1AED77102543 /* SearchMovies.normal.json */; };
		CF59BFE7C58E75F3FF14E518 /* Headers.normal.json in Resources */ = {isa = PBXBuildFile; fileRef = CF59B0A913C46F881FC5D3FB /* Headers.normal.json */; };
		CF59BFF07FDE71822E0BDFC5 /* LaunchScreen.storyboard in Resources */ = {isa = PBXBuildFile; fileRef = CF59B67C1CAC157B52055278 /* LaunchScreen.storyboard */; };
		D8589B2E1C8E47D7001EF0D7 /* OHHTTPStubs.framework in Frameworks */ = {isa = PBXBuildFile; fileRef = D8589B2D1C8E47D7001EF0D7 /* OHHTTPStubs.framework */; };
		D8589B2F1C8E51DD001EF0D7 /* OHHTTPStubs.framework in Copy Frameworks Files */ = {isa = PBXBuildFile; fileRef = D8589B2D1C8E47D7001EF0D7 /* OHHTTPStubs.framework */; settings = {ATTRIBUTES = (CodeSignOnCopy, RemoveHeadersOnCopy, ); }; };
		D8589B311C918B88001EF0D7 /* SnapKit.framework in Frameworks */ = {isa = PBXBuildFile; fileRef = D8589B301C918B88001EF0D7 /* SnapKit.framework */; };
		D8589B321C918B88001EF0D7 /* SnapKit.framework in Embed Frameworks */ = {isa = PBXBuildFile; fileRef = D8589B301C918B88001EF0D7 /* SnapKit.framework */; settings = {ATTRIBUTES = (CodeSignOnCopy, RemoveHeadersOnCopy, ); }; };
		D8589B341C91ACC4001EF0D7 /* AlamofireImage.framework in Frameworks */ = {isa = PBXBuildFile; fileRef = D8589B331C91ACC4001EF0D7 /* AlamofireImage.framework */; };
		D8589B351C91ACC4001EF0D7 /* AlamofireImage.framework in Embed Frameworks */ = {isa = PBXBuildFile; fileRef = D8589B331C91ACC4001EF0D7 /* AlamofireImage.framework */; settings = {ATTRIBUTES = (CodeSignOnCopy, RemoveHeadersOnCopy, ); }; };
		D8C294611C8C4A55001B2AD4 /* AssetsTests.swift in Sources */ = {isa = PBXBuildFile; fileRef = D8C294601C8C4A55001B2AD4 /* AssetsTests.swift */; };
		D8C2946C1C8C517F001B2AD4 /* TraktSearchAPI.h in Headers */ = {isa = PBXBuildFile; fileRef = D8C2946B1C8C517F001B2AD4 /* TraktSearchAPI.h */; settings = {ATTRIBUTES = (Public, ); }; };
		D8C294731C8C517F001B2AD4 /* TraktSearchAPI.framework in Frameworks */ = {isa = PBXBuildFile; fileRef = D8C294691C8C517F001B2AD4 /* TraktSearchAPI.framework */; };
		D8C2947E1C8C517F001B2AD4 /* TraktSearchAPI.framework in Frameworks */ = {isa = PBXBuildFile; fileRef = D8C294691C8C517F001B2AD4 /* TraktSearchAPI.framework */; };
		D8C2947F1C8C517F001B2AD4 /* TraktSearchAPI.framework in Embed Frameworks */ = {isa = PBXBuildFile; fileRef = D8C294691C8C517F001B2AD4 /* TraktSearchAPI.framework */; settings = {ATTRIBUTES = (CodeSignOnCopy, RemoveHeadersOnCopy, ); }; };
		D8C294881C8C55F2001B2AD4 /* Alamofire.framework in Frameworks */ = {isa = PBXBuildFile; fileRef = D8C294871C8C55F2001B2AD4 /* Alamofire.framework */; };
		D8C2948A1C8C56EA001B2AD4 /* Alamofire.framework in Frameworks */ = {isa = PBXBuildFile; fileRef = D8C294871C8C55F2001B2AD4 /* Alamofire.framework */; };
		D8C2948B1C8C56EA001B2AD4 /* Alamofire.framework in Embed Frameworks */ = {isa = PBXBuildFile; fileRef = D8C294871C8C55F2001B2AD4 /* Alamofire.framework */; settings = {ATTRIBUTES = (CodeSignOnCopy, RemoveHeadersOnCopy, ); }; };
		D8C294961C8C7DF8001B2AD4 /* TraktSearchAPI.framework in Frameworks */ = {isa = PBXBuildFile; fileRef = D8C294691C8C517F001B2AD4 /* TraktSearchAPI.framework */; };
		D8C2949E1C8C806F001B2AD4 /* TraktSearchAPITests.swift in Sources */ = {isa = PBXBuildFile; fileRef = D8C2949D1C8C806F001B2AD4 /* TraktSearchAPITests.swift */; };
		D8C294A11C8C82F1001B2AD4 /* Alamofire.framework in Copy Frameworks Files */ = {isa = PBXBuildFile; fileRef = D8C294871C8C55F2001B2AD4 /* Alamofire.framework */; settings = {ATTRIBUTES = (CodeSignOnCopy, RemoveHeadersOnCopy, ); }; };
		D8C294A31C8C8D7A001B2AD4 /* ObjectMapper.framework in Frameworks */ = {isa = PBXBuildFile; fileRef = D8C294A21C8C8D7A001B2AD4 /* ObjectMapper.framework */; };
		D8C294A41C8C8D91001B2AD4 /* ObjectMapper.framework in Copy Frameworks Files */ = {isa = PBXBuildFile; fileRef = D8C294A21C8C8D7A001B2AD4 /* ObjectMapper.framework */; settings = {ATTRIBUTES = (CodeSignOnCopy, RemoveHeadersOnCopy, ); }; };
		D8C294A61C8C909B001B2AD4 /* AlamofireObjectMapper.framework in Frameworks */ = {isa = PBXBuildFile; fileRef = D8C294A51C8C909B001B2AD4 /* AlamofireObjectMapper.framework */; };
		D8C294A71C8C90A6001B2AD4 /* AlamofireObjectMapper.framework in Copy Frameworks Files */ = {isa = PBXBuildFile; fileRef = D8C294A51C8C909B001B2AD4 /* AlamofireObjectMapper.framework */; settings = {ATTRIBUTES = (CodeSignOnCopy, RemoveHeadersOnCopy, ); }; };
		D8C294AA1C8D7E59001B2AD4 /* PaginationInfoTests.swift in Sources */ = {isa = PBXBuildFile; fileRef = D8C294A91C8D7E59001B2AD4 /* PaginationInfoTests.swift */; };
		D8C294AB1C8D8031001B2AD4 /* ObjectMapper.framework in Frameworks */ = {isa = PBXBuildFile; fileRef = D8C294A21C8C8D7A001B2AD4 /* ObjectMapper.framework */; };
		D8C294AD1C8D8054001B2AD4 /* ObjectMapper.framework in Copy Frameworks Files */ = {isa = PBXBuildFile; fileRef = D8C294A21C8C8D7A001B2AD4 /* ObjectMapper.framework */; settings = {ATTRIBUTES = (CodeSignOnCopy, RemoveHeadersOnCopy, ); }; };
		D8C294AE1C8D8148001B2AD4 /* AlamofireObjectMapper.framework in Copy Frameworks Files */ = {isa = PBXBuildFile; fileRef = D8C294A51C8C909B001B2AD4 /* AlamofireObjectMapper.framework */; settings = {ATTRIBUTES = (CodeSignOnCopy, RemoveHeadersOnCopy, ); }; };
		D8C294AF1C8D8149001B2AD4 /* Alamofire.framework in Copy Frameworks Files */ = {isa = PBXBuildFile; fileRef = D8C294871C8C55F2001B2AD4 /* Alamofire.framework */; settings = {ATTRIBUTES = (CodeSignOnCopy, RemoveHeadersOnCopy, ); }; };
		D8C294B31C8DE8EF001B2AD4 /* AlamofireObjectMapper.framework in Copy Frameworks Files */ = {isa = PBXBuildFile; fileRef = D8C294A51C8C909B001B2AD4 /* AlamofireObjectMapper.framework */; settings = {ATTRIBUTES = (CodeSignOnCopy, RemoveHeadersOnCopy, ); }; };
		D8C294B41C8DE8F0001B2AD4 /* ObjectMapper.framework in Copy Frameworks Files */ = {isa = PBXBuildFile; fileRef = D8C294A21C8C8D7A001B2AD4 /* ObjectMapper.framework */; settings = {ATTRIBUTES = (CodeSignOnCopy, RemoveHeadersOnCopy, ); }; };
		D8C294B51C8DE8F0001B2AD4 /* Alamofire.framework in Copy Frameworks Files */ = {isa = PBXBuildFile; fileRef = D8C294871C8C55F2001B2AD4 /* Alamofire.framework */; settings = {ATTRIBUTES = (CodeSignOnCopy, RemoveHeadersOnCopy, ); }; };
		D8CA852F1C91E7A70099468B /* AlamofireObjectMapper.framework in Frameworks */ = {isa = PBXBuildFile; fileRef = D8C294A51C8C909B001B2AD4 /* AlamofireObjectMapper.framework */; };
		D8CA85301C91E7A70099468B /* AlamofireObjectMapper.framework in Embed Frameworks */ = {isa = PBXBuildFile; fileRef = D8C294A51C8C909B001B2AD4 /* AlamofireObjectMapper.framework */; settings = {ATTRIBUTES = (CodeSignOnCopy, RemoveHeadersOnCopy, ); }; };
		D8CA85311C91E7A70099468B /* ObjectMapper.framework in Frameworks */ = {isa = PBXBuildFile; fileRef = D8C294A21C8C8D7A001B2AD4 /* ObjectMapper.framework */; };
		D8CA85321C91E7A70099468B /* ObjectMapper.framework in Embed Frameworks */ = {isa = PBXBuildFile; fileRef = D8C294A21C8C8D7A001B2AD4 /* ObjectMapper.framework */; settings = {ATTRIBUTES = (CodeSignOnCopy, RemoveHeadersOnCopy, ); }; };
		D8CA85341C9211DB0099468B /* PopularMoviesViewModelTests.swift in Sources */ = {isa = PBXBuildFile; fileRef = D8CA85331C9211DB0099468B /* PopularMoviesViewModelTests.swift */; };
		D8CA85361C921BF30099468B /* ObjectMapper.framework in Copy Frameworks Files */ = {isa = PBXBuildFile; fileRef = D8C294A21C8C8D7A001B2AD4 /* ObjectMapper.framework */; settings = {ATTRIBUTES = (CodeSignOnCopy, RemoveHeadersOnCopy, ); }; };
		D8CA85381C921C440099468B /* ObjectMapper.framework in Frameworks */ = {isa = PBXBuildFile; fileRef = D8C294A21C8C8D7A001B2AD4 /* ObjectMapper.framework */; };
		D8CA853F1C921FA70099468B /* TraktSearchAPI.framework in Frameworks */ = {isa = PBXBuildFile; fileRef = D8C294691C8C517F001B2AD4 /* TraktSearchAPI.framework */; };
		D8CA85421C9220010099468B /* TraktSearchAPI.framework in Copy Frameworks Files */ = {isa = PBXBuildFile; fileRef = D8C294691C8C517F001B2AD4 /* TraktSearchAPI.framework */; settings = {ATTRIBUTES = (CodeSignOnCopy, RemoveHeadersOnCopy, ); }; };
		D8D1619E1C8C333B0079F89D /* AppDelegate.swift in Sources */ = {isa = PBXBuildFile; fileRef = D8D1619D1C8C333B0079F89D /* AppDelegate.swift */; };
/* End PBXBuildFile section */

/* Begin PBXContainerItemProxy section */
		D8C294741C8C517F001B2AD4 /* PBXContainerItemProxy */ = {
			isa = PBXContainerItemProxy;
			containerPortal = D8D161921C8C333B0079F89D /* Project object */;
			proxyType = 1;
			remoteGlobalIDString = D8C294681C8C517F001B2AD4;
			remoteInfo = TraktSearchAPI;
		};
		D8C294761C8C517F001B2AD4 /* PBXContainerItemProxy */ = {
			isa = PBXContainerItemProxy;
			containerPortal = D8D161921C8C333B0079F89D /* Project object */;
			proxyType = 1;
			remoteGlobalIDString = D8D161991C8C333B0079F89D;
			remoteInfo = TraktSearcher;
		};
		D8C2947C1C8C517F001B2AD4 /* PBXContainerItemProxy */ = {
			isa = PBXContainerItemProxy;
			containerPortal = D8D161921C8C333B0079F89D /* Project object */;
			proxyType = 1;
			remoteGlobalIDString = D8C294681C8C517F001B2AD4;
			remoteInfo = TraktSearchAPI;
		};
		D8C294971C8C7DF8001B2AD4 /* PBXContainerItemProxy */ = {
			isa = PBXContainerItemProxy;
			containerPortal = D8D161921C8C333B0079F89D /* Project object */;
			proxyType = 1;
			remoteGlobalIDString = D8C294681C8C517F001B2AD4;
			remoteInfo = TraktSearchAPI;
		};
		D8D161AF1C8C333B0079F89D /* PBXContainerItemProxy */ = {
			isa = PBXContainerItemProxy;
			containerPortal = D8D161921C8C333B0079F89D /* Project object */;
			proxyType = 1;
			remoteGlobalIDString = D8D161991C8C333B0079F89D;
			remoteInfo = TraktSearcher;
		};
/* End PBXContainerItemProxy section */

/* Begin PBXCopyFilesBuildPhase section */
		D8C294851C8C5180001B2AD4 /* Embed Frameworks */ = {
			isa = PBXCopyFilesBuildPhase;
			buildActionMask = 2147483647;
			dstPath = "";
			dstSubfolderSpec = 10;
			files = (
				D8CA85321C91E7A70099468B /* ObjectMapper.framework in Embed Frameworks */,
				D8589B321C918B88001EF0D7 /* SnapKit.framework in Embed Frameworks */,
				D8C2947F1C8C517F001B2AD4 /* TraktSearchAPI.framework in Embed Frameworks */,
				D8C2948B1C8C56EA001B2AD4 /* Alamofire.framework in Embed Frameworks */,
				D8CA85301C91E7A70099468B /* AlamofireObjectMapper.framework in Embed Frameworks */,
				D8589B351C91ACC4001EF0D7 /* AlamofireImage.framework in Embed Frameworks */,
			);
			name = "Embed Frameworks";
			runOnlyForDeploymentPostprocessing = 0;
		};
		D8C294A01C8C82D0001B2AD4 /* Copy Frameworks Files */ = {
			isa = PBXCopyFilesBuildPhase;
			buildActionMask = 2147483647;
			dstPath = "";
			dstSubfolderSpec = 10;
			files = (
				D8589B2F1C8E51DD001EF0D7 /* OHHTTPStubs.framework in Copy Frameworks Files */,
				D8C294A71C8C90A6001B2AD4 /* AlamofireObjectMapper.framework in Copy Frameworks Files */,
				D8C294A41C8C8D91001B2AD4 /* ObjectMapper.framework in Copy Frameworks Files */,
				D8C294A11C8C82F1001B2AD4 /* Alamofire.framework in Copy Frameworks Files */,
			);
			name = "Copy Frameworks Files";
			runOnlyForDeploymentPostprocessing = 0;
		};
		D8C294AC1C8D8043001B2AD4 /* Copy Frameworks Files */ = {
			isa = PBXCopyFilesBuildPhase;
			buildActionMask = 2147483647;
			dstPath = "";
			dstSubfolderSpec = 10;
			files = (
				D8C294AE1C8D8148001B2AD4 /* AlamofireObjectMapper.framework in Copy Frameworks Files */,
				D8C294AF1C8D8149001B2AD4 /* Alamofire.framework in Copy Frameworks Files */,
				D8C294AD1C8D8054001B2AD4 /* ObjectMapper.framework in Copy Frameworks Files */,
			);
			name = "Copy Frameworks Files";
			runOnlyForDeploymentPostprocessing = 0;
		};
		D8C294B21C8DE8E2001B2AD4 /* Copy Frameworks Files */ = {
			isa = PBXCopyFilesBuildPhase;
			buildActionMask = 2147483647;
			dstPath = "";
			dstSubfolderSpec = 10;
			files = (
				D8C294B31C8DE8EF001B2AD4 /* AlamofireObjectMapper.framework in Copy Frameworks Files */,
				D8C294B41C8DE8F0001B2AD4 /* ObjectMapper.framework in Copy Frameworks Files */,
				D8C294B51C8DE8F0001B2AD4 /* Alamofire.framework in Copy Frameworks Files */,
			);
			name = "Copy Frameworks Files";
			runOnlyForDeploymentPostprocessing = 0;
		};
		D8CA85351C921BC80099468B /* Copy Frameworks Files */ = {
			isa = PBXCopyFilesBuildPhase;
			buildActionMask = 2147483647;
			dstPath = "";
			dstSubfolderSpec = 10;
			files = (
				D8CA85421C9220010099468B /* TraktSearchAPI.framework in Copy Frameworks Files */,
				D8CA85361C921BF30099468B /* ObjectMapper.framework in Copy Frameworks Files */,
			);
			name = "Copy Frameworks Files";
			runOnlyForDeploymentPostprocessing = 0;
		};
/* End PBXCopyFilesBuildPhase section */

/* Begin PBXFileReference section */
		CF59B02D1AE1BBE8DEBDEA5E /* TrackSearchAPIMock.swift */ = {isa = PBXFileReference; fileEncoding = 4; lastKnownFileType = sourcecode.swift; path = TrackSearchAPIMock.swift; sourceTree = "<group>"; };
		CF59B055E64B1AED77102543 /* SearchMovies.normal.json */ = {isa = PBXFileReference; fileEncoding = 4; lastKnownFileType = text.json; path = SearchMovies.normal.json; sourceTree = "<group>"; };
		CF59B09C3E9D91B6CA046CA5 /* Base */ = {isa = PBXFileReference; lastKnownFileType = file.storyboard; name = Base; path = TraktSearcher/Base.lproj/LaunchScreen.storyboard; sourceTree = SOURCE_ROOT; };
		CF59B0A913C46F881FC5D3FB /* Headers.normal.json */ = {isa = PBXFileReference; fileEncoding = 4; lastKnownFileType = text.json; path = Headers.normal.json; sourceTree = "<group>"; };
		CF59B0BE756A3F73388D1624 /* XCTestCase+Helpers.swift */ = {isa = PBXFileReference; fileEncoding = 4; lastKnownFileType = sourcecode.swift; path = "XCTestCase+Helpers.swift"; sourceTree = "<group>"; };
		CF59B1B5DE7E7C62914FD460 /* MoviesViewModelData.swift */ = {isa = PBXFileReference; fileEncoding = 4; lastKnownFileType = sourcecode.swift; path = MoviesViewModelData.swift; sourceTree = "<group>"; };
		CF59B1BE98564A1F52C19860 /* JSONHelpers.swift */ = {isa = PBXFileReference; fileEncoding = 4; lastKnownFileType = sourcecode.swift; path = JSONHelpers.swift; sourceTree = "<group>"; };
		CF59B279E8FF5891EFD99022 /* SearchMoviesViewModel.swift */ = {isa = PBXFileReference; fileEncoding = 4; lastKnownFileType = sourcecode.swift; path = SearchMoviesViewModel.swift; sourceTree = "<group>"; };
		CF59B28BE8EEB0841E2A508E /* MoviesAssembly.swift */ = {isa = PBXFileReference; fileEncoding = 4; lastKnownFileType = sourcecode.swift; path = MoviesAssembly.swift; sourceTree = "<group>"; };
		CF59B2D8034733DDC7976E27 /* SearchMovies.invalid.json */ = {isa = PBXFileReference; fileEncoding = 4; lastKnownFileType = text.json; path = SearchMovies.invalid.json; sourceTree = "<group>"; };
		CF59B32F7C11E4DC1047ED72 /* MoviesRequestType.swift */ = {isa = PBXFileReference; fileEncoding = 4; lastKnownFileType = sourcecode.swift; path = MoviesRequestType.swift; sourceTree = "<group>"; };
		CF59B39ED96FADA56C4D4CEB /* MoviesViewModelOutput.swift */ = {isa = PBXFileReference; fileEncoding = 4; lastKnownFileType = sourcecode.swift; path = MoviesViewModelOutput.swift; sourceTree = "<group>"; };
		CF59B44C3FA3AE1CFD83534D /* MovieInfo.swift */ = {isa = PBXFileReference; fileEncoding = 4; lastKnownFileType = sourcecode.swift; path = MovieInfo.swift; sourceTree = "<group>"; };
		CF59B484B0E23FCD82227A5F /* SearchResultItem.swift */ = {isa = PBXFileReference; fileEncoding = 4; lastKnownFileType = sourcecode.swift; path = SearchResultItem.swift; sourceTree = "<group>"; };
		CF59B4AE62A3E13C35BDD2A9 /* MoviesTableViewDataSource.swift */ = {isa = PBXFileReference; fileEncoding = 4; lastKnownFileType = sourcecode.swift; path = MoviesTableViewDataSource.swift; sourceTree = "<group>"; };
		CF59B4D56AB733300FF859B5 /* MovieInfoViewModelData.swift */ = {isa = PBXFileReference; fileEncoding = 4; lastKnownFileType = sourcecode.swift; path = MovieInfoViewModelData.swift; sourceTree = "<group>"; };
		CF59B4E09B1B9D2A80CA418D /* MovieImageKind.swift */ = {isa = PBXFileReference; fileEncoding = 4; lastKnownFileType = sourcecode.swift; path = MovieImageKind.swift; sourceTree = "<group>"; };
		CF59B53487855E5D9380EA50 /* PaginationInfo.swift */ = {isa = PBXFileReference; fileEncoding = 4; lastKnownFileType = sourcecode.swift; path = PaginationInfo.swift; sourceTree = "<group>"; };
		CF59B5B3D2C8575E7174AB69 /* TraktSearchAPICancelable.swift */ = {isa = PBXFileReference; fileEncoding = 4; lastKnownFileType = sourcecode.swift; path = TraktSearchAPICancelable.swift; sourceTree = "<group>"; };
		CF59B62FA7440F87C8E895D2 /* Headers.invalid.json */ = {isa = PBXFileReference; fileEncoding = 4; lastKnownFileType = text.json; path = Headers.invalid.json; sourceTree = "<group>"; };
		CF59B664374928EC808C11D4 /* LICENSE */ = {isa = PBXFileReference; fileEncoding = 4; lastKnownFileType = text; path = LICENSE; sourceTree = "<group>"; };
		CF59B66B37E7D5E26A3F2BF6 /* TraktSearchAPI.swift */ = {isa = PBXFileReference; fileEncoding = 4; lastKnownFileType = sourcecode.swift; path = TraktSearchAPI.swift; sourceTree = "<group>"; };
		CF59B6875C4CE2F7603641D9 /* PopularMoviesViewModel.swift */ = {isa = PBXFileReference; fileEncoding = 4; lastKnownFileType = sourcecode.swift; path = PopularMoviesViewModel.swift; sourceTree = "<group>"; };
		CF59B69D04890793399BD61C /* Cartfile.private */ = {isa = PBXFileReference; lastKnownFileType = file.private; path = Cartfile.private; sourceTree = "<group>"; };
		CF59B6C9B738925CA1B82ECE /* MoviesViewModelOutputMock.swift */ = {isa = PBXFileReference; fileEncoding = 4; lastKnownFileType = sourcecode.swift; path = MoviesViewModelOutputMock.swift; sourceTree = "<group>"; };
		CF59B78F1E5B52F657829612 /* PopularMovies.invalid.json */ = {isa = PBXFileReference; fileEncoding = 4; lastKnownFileType = text.json; path = PopularMovies.invalid.json; sourceTree = "<group>"; };
		CF59B81C92FDE1575A46291A /* PopularMovies.normal.json */ = {isa = PBXFileReference; fileEncoding = 4; lastKnownFileType = text.json; path = PopularMovies.normal.json; sourceTree = "<group>"; };
		CF59B835E989921773F8008D /* MoviesViewModelInput.swift */ = {isa = PBXFileReference; fileEncoding = 4; lastKnownFileType = sourcecode.swift; path = MoviesViewModelInput.swift; sourceTree = "<group>"; };
		CF59B8F893D27F4E6B5729B5 /* SearchResultItemTests.swift */ = {isa = PBXFileReference; fileEncoding = 4; lastKnownFileType = sourcecode.swift; path = SearchResultItemTests.swift; sourceTree = "<group>"; };
		CF59B90F9F4C79F64600DB17 /* Validable.swift */ = {isa = PBXFileReference; fileEncoding = 4; lastKnownFileType = sourcecode.swift; path = Validable.swift; sourceTree = "<group>"; };
		CF59B9DC69E000600D3833C2 /* TraktItem.swift */ = {isa = PBXFileReference; fileEncoding = 4; lastKnownFileType = sourcecode.swift; path = TraktItem.swift; sourceTree = "<group>"; };
		CF59BA004F582AC914DBFCFE /* Assets.swift */ = {isa = PBXFileReference; fileEncoding = 4; lastKnownFileType = sourcecode.swift; path = Assets.swift; sourceTree = "<group>"; };
		CF59BA88A84877B5742EBB43 /* MovieTests.swift */ = {isa = PBXFileReference; fileEncoding = 4; lastKnownFileType = sourcecode.swift; path = MovieTests.swift; sourceTree = "<group>"; };
		CF59BB88FD4887554DE8D653 /* PopularMoviesViewModelInput.swift */ = {isa = PBXFileReference; fileEncoding = 4; lastKnownFileType = sourcecode.swift; path = PopularMoviesViewModelInput.swift; sourceTree = "<group>"; };
		CF59BCE041962299DF027B9A /* SearchMoviesViewModelInput.swift */ = {isa = PBXFileReference; fileEncoding = 4; lastKnownFileType = sourcecode.swift; path = SearchMoviesViewModelInput.swift; sourceTree = "<group>"; };
		CF59BD1629362C7623959A70 /* Cartfile */ = {isa = PBXFileReference; fileEncoding = 4; lastKnownFileType = text; path = Cartfile; sourceTree = "<group>"; };
		CF59BD2FCFF8C9AD30BB55ED /* ImageUrlsTests.swift */ = {isa = PBXFileReference; fileEncoding = 4; lastKnownFileType = sourcecode.swift; path = ImageUrlsTests.swift; sourceTree = "<group>"; };
		CF59BD30D5751718C10719B1 /* MoviesViewModel.swift */ = {isa = PBXFileReference; fileEncoding = 4; lastKnownFileType = sourcecode.swift; path = MoviesViewModel.swift; sourceTree = "<group>"; };
		CF59BD7636FC554F8BF9CDCF /* TraktSearchAPITests.swift */ = {isa = PBXFileReference; fileEncoding = 4; lastKnownFileType = sourcecode.swift; path = TraktSearchAPITests.swift; sourceTree = "<group>"; };
		CF59BDA24082057C5C7C8C2A /* Movie.swift */ = {isa = PBXFileReference; fileEncoding = 4; lastKnownFileType = sourcecode.swift; path = Movie.swift; sourceTree = "<group>"; };
		CF59BDBFDC6E4E4865B2558C /* MainViewController.swift */ = {isa = PBXFileReference; fileEncoding = 4; lastKnownFileType = sourcecode.swift; path = MainViewController.swift; sourceTree = "<group>"; };
		CF59BE61974E437AA3EC754C /* ItemKind.swift */ = {isa = PBXFileReference; fileEncoding = 4; lastKnownFileType = sourcecode.swift; path = ItemKind.swift; sourceTree = "<group>"; };
		CF59BE77E3346F356DE19580 /* MovieImageKindTransformTests.swift */ = {isa = PBXFileReference; fileEncoding = 4; lastKnownFileType = sourcecode.swift; path = MovieImageKindTransformTests.swift; sourceTree = "<group>"; };
		CF59BE86DF97B1A666267FC7 /* README.md */ = {isa = PBXFileReference; fileEncoding = 4; lastKnownFileType = net.daringfireball.markdown; path = README.md; sourceTree = "<group>"; };
		CF59BEB916BC8739B0441123 /* MovieTableViewCell.swift */ = {isa = PBXFileReference; fileEncoding = 4; lastKnownFileType = sourcecode.swift; path = MovieTableViewCell.swift; sourceTree = "<group>"; };
		CF59BEBDC782616D8773AC6A /* MoviesResponse.swift */ = {isa = PBXFileReference; fileEncoding = 4; lastKnownFileType = sourcecode.swift; path = MoviesResponse.swift; sourceTree = "<group>"; };
		CF59BF1CF729D1B3E5480CA3 /* Assets.xcassets */ = {isa = PBXFileReference; lastKnownFileType = folder.assetcatalog; path = Assets.xcassets; sourceTree = "<group>"; };
		CF59BFA5DFF6241261AB7522 /* TraktSearchAPIProtocol.swift */ = {isa = PBXFileReference; fileEncoding = 4; lastKnownFileType = sourcecode.swift; path = TraktSearchAPIProtocol.swift; sourceTree = "<group>"; };
		CF59BFA6BDC02DEFA2F6E2BC /* ImageUrls.swift */ = {isa = PBXFileReference; fileEncoding = 4; lastKnownFileType = sourcecode.swift; path = ImageUrls.swift; sourceTree = "<group>"; };
		D8589B2D1C8E47D7001EF0D7 /* OHHTTPStubs.framework */ = {isa = PBXFileReference; lastKnownFileType = wrapper.framework; name = OHHTTPStubs.framework; path = Carthage/Build/iOS/OHHTTPStubs.framework; sourceTree = "<group>"; };
		D8589B301C918B88001EF0D7 /* SnapKit.framework */ = {isa = PBXFileReference; lastKnownFileType = wrapper.framework; name = SnapKit.framework; path = Carthage/Build/iOS/SnapKit.framework; sourceTree = "<group>"; };
		D8589B331C91ACC4001EF0D7 /* AlamofireImage.framework */ = {isa = PBXFileReference; lastKnownFileType = wrapper.framework; name = AlamofireImage.framework; path = Carthage/Build/iOS/AlamofireImage.framework; sourceTree = "<group>"; };
		D8C294601C8C4A55001B2AD4 /* AssetsTests.swift */ = {isa = PBXFileReference; fileEncoding = 4; lastKnownFileType = sourcecode.swift; path = AssetsTests.swift; sourceTree = "<group>"; };
		D8C294691C8C517F001B2AD4 /* TraktSearchAPI.framework */ = {isa = PBXFileReference; explicitFileType = wrapper.framework; includeInIndex = 0; path = TraktSearchAPI.framework; sourceTree = BUILT_PRODUCTS_DIR; };
		D8C2946B1C8C517F001B2AD4 /* TraktSearchAPI.h */ = {isa = PBXFileReference; lastKnownFileType = sourcecode.c.h; path = TraktSearchAPI.h; sourceTree = "<group>"; };
		D8C2946D1C8C517F001B2AD4 /* Info.plist */ = {isa = PBXFileReference; lastKnownFileType = text.plist.info; path = Info.plist; sourceTree = "<group>"; };
		D8C294721C8C517F001B2AD4 /* TraktSearchAPITests.xctest */ = {isa = PBXFileReference; explicitFileType = wrapper.cfbundle; includeInIndex = 0; path = TraktSearchAPITests.xctest; sourceTree = BUILT_PRODUCTS_DIR; };
		D8C2947B1C8C517F001B2AD4 /* Info.plist */ = {isa = PBXFileReference; lastKnownFileType = text.plist.info; path = Info.plist; sourceTree = "<group>"; };
		D8C294871C8C55F2001B2AD4 /* Alamofire.framework */ = {isa = PBXFileReference; lastKnownFileType = wrapper.framework; name = Alamofire.framework; path = Carthage/Build/iOS/Alamofire.framework; sourceTree = "<group>"; };
		D8C294911C8C7DF8001B2AD4 /* TraktSearchAPIIntegrationTests.xctest */ = {isa = PBXFileReference; explicitFileType = wrapper.cfbundle; includeInIndex = 0; path = TraktSearchAPIIntegrationTests.xctest; sourceTree = BUILT_PRODUCTS_DIR; };
		D8C294951C8C7DF8001B2AD4 /* Info.plist */ = {isa = PBXFileReference; lastKnownFileType = text.plist.info; path = Info.plist; sourceTree = "<group>"; };
		D8C2949D1C8C806F001B2AD4 /* TraktSearchAPITests.swift */ = {isa = PBXFileReference; fileEncoding = 4; lastKnownFileType = sourcecode.swift; path = TraktSearchAPITests.swift; sourceTree = "<group>"; };
		D8C294A21C8C8D7A001B2AD4 /* ObjectMapper.framework */ = {isa = PBXFileReference; lastKnownFileType = wrapper.framework; name = ObjectMapper.framework; path = Carthage/Build/iOS/ObjectMapper.framework; sourceTree = "<group>"; };
		D8C294A51C8C909B001B2AD4 /* AlamofireObjectMapper.framework */ = {isa = PBXFileReference; lastKnownFileType = wrapper.framework; name = AlamofireObjectMapper.framework; path = Carthage/Build/iOS/AlamofireObjectMapper.framework; sourceTree = "<group>"; };
		D8C294A91C8D7E59001B2AD4 /* PaginationInfoTests.swift */ = {isa = PBXFileReference; fileEncoding = 4; lastKnownFileType = sourcecode.swift; path = PaginationInfoTests.swift; sourceTree = "<group>"; };
		D8CA85331C9211DB0099468B /* PopularMoviesViewModelTests.swift */ = {isa = PBXFileReference; fileEncoding = 4; lastKnownFileType = sourcecode.swift; path = PopularMoviesViewModelTests.swift; sourceTree = "<group>"; };
		D8D1619A1C8C333B0079F89D /* TraktSearcher.app */ = {isa = PBXFileReference; explicitFileType = wrapper.application; includeInIndex = 0; path = TraktSearcher.app; sourceTree = BUILT_PRODUCTS_DIR; };
		D8D1619D1C8C333B0079F89D /* AppDelegate.swift */ = {isa = PBXFileReference; lastKnownFileType = sourcecode.swift; path = AppDelegate.swift; sourceTree = "<group>"; };
		D8D161A91C8C333B0079F89D /* Info.plist */ = {isa = PBXFileReference; lastKnownFileType = text.plist.xml; path = Info.plist; sourceTree = "<group>"; };
		D8D161AE1C8C333B0079F89D /* TraktSearcherTests.xctest */ = {isa = PBXFileReference; explicitFileType = wrapper.cfbundle; includeInIndex = 0; path = TraktSearcherTests.xctest; sourceTree = BUILT_PRODUCTS_DIR; };
		D8D161B41C8C333B0079F89D /* Info.plist */ = {isa = PBXFileReference; lastKnownFileType = text.plist.xml; path = Info.plist; sourceTree = "<group>"; };
/* End PBXFileReference section */

/* Begin PBXFrameworksBuildPhase section */
		D8C294651C8C517F001B2AD4 /* Frameworks */ = {
			isa = PBXFrameworksBuildPhase;
			buildActionMask = 2147483647;
			files = (
				D8C294A61C8C909B001B2AD4 /* AlamofireObjectMapper.framework in Frameworks */,
				D8C294A31C8C8D7A001B2AD4 /* ObjectMapper.framework in Frameworks */,
				D8C294881C8C55F2001B2AD4 /* Alamofire.framework in Frameworks */,
			);
			runOnlyForDeploymentPostprocessing = 0;
		};
		D8C2946F1C8C517F001B2AD4 /* Frameworks */ = {
			isa = PBXFrameworksBuildPhase;
			buildActionMask = 2147483647;
			files = (
				D8C294AB1C8D8031001B2AD4 /* ObjectMapper.framework in Frameworks */,
				D8C294731C8C517F001B2AD4 /* TraktSearchAPI.framework in Frameworks */,
			);
			runOnlyForDeploymentPostprocessing = 0;
		};
		D8C2948E1C8C7DF8001B2AD4 /* Frameworks */ = {
			isa = PBXFrameworksBuildPhase;
			buildActionMask = 2147483647;
			files = (
				D8589B2E1C8E47D7001EF0D7 /* OHHTTPStubs.framework in Frameworks */,
				D8C294961C8C7DF8001B2AD4 /* TraktSearchAPI.framework in Frameworks */,
			);
			runOnlyForDeploymentPostprocessing = 0;
		};
		D8D161971C8C333B0079F89D /* Frameworks */ = {
			isa = PBXFrameworksBuildPhase;
			buildActionMask = 2147483647;
			files = (
				D8CA85311C91E7A70099468B /* ObjectMapper.framework in Frameworks */,
				D8589B311C918B88001EF0D7 /* SnapKit.framework in Frameworks */,
				D8C2947E1C8C517F001B2AD4 /* TraktSearchAPI.framework in Frameworks */,
				D8C2948A1C8C56EA001B2AD4 /* Alamofire.framework in Frameworks */,
				D8CA852F1C91E7A70099468B /* AlamofireObjectMapper.framework in Frameworks */,
				D8589B341C91ACC4001EF0D7 /* AlamofireImage.framework in Frameworks */,
			);
			runOnlyForDeploymentPostprocessing = 0;
		};
		D8D161AB1C8C333B0079F89D /* Frameworks */ = {
			isa = PBXFrameworksBuildPhase;
			buildActionMask = 2147483647;
			files = (
				D8CA853F1C921FA70099468B /* TraktSearchAPI.framework in Frameworks */,
				D8CA85381C921C440099468B /* ObjectMapper.framework in Frameworks */,
			);
			runOnlyForDeploymentPostprocessing = 0;
		};
/* End PBXFrameworksBuildPhase section */

/* Begin PBXGroup section */
		CF59B067FE3F48E90F13DA90 /* Assembly */ = {
			isa = PBXGroup;
			children = (
				CF59B28BE8EEB0841E2A508E /* MoviesAssembly.swift */,
			);
			path = Assembly;
			sourceTree = "<group>";
		};
		CF59B19E3B1877A9B6DBDB34 /* Views & Controllers */ = {
			isa = PBXGroup;
			children = (
				CF59BDBFDC6E4E4865B2558C /* MainViewController.swift */,
				CF59BEB916BC8739B0441123 /* MovieTableViewCell.swift */,
				CF59B8ECA2D31AA9E742B1B0 /* DataSources */,
			);
			path = "Views & Controllers";
			sourceTree = "<group>";
		};
		CF59B45A6D4970C7FE454ECE /* Models & View Models */ = {
			isa = PBXGroup;
			children = (
				CF59BD30D5751718C10719B1 /* MoviesViewModel.swift */,
				CF59B44C3FA3AE1CFD83534D /* MovieInfo.swift */,
				CF59B6875C4CE2F7603641D9 /* PopularMoviesViewModel.swift */,
				CF59B279E8FF5891EFD99022 /* SearchMoviesViewModel.swift */,
				CF59BB0E45C0D1432A83CB2F /* Protocols */,
			);
			path = "Models & View Models";
			sourceTree = "<group>";
		};
		CF59B5AAED92D49142E05086 /* Responses */ = {
			isa = PBXGroup;
			children = (
				CF59B2D8034733DDC7976E27 /* SearchMovies.invalid.json */,
				CF59B78F1E5B52F657829612 /* PopularMovies.invalid.json */,
				CF59B055E64B1AED77102543 /* SearchMovies.normal.json */,
				CF59B0A913C46F881FC5D3FB /* Headers.normal.json */,
				CF59B62FA7440F87C8E895D2 /* Headers.invalid.json */,
				CF59B81C92FDE1575A46291A /* PopularMovies.normal.json */,
			);
			path = Responses;
			sourceTree = "<group>";
		};
		CF59B8ECA2D31AA9E742B1B0 /* DataSources */ = {
			isa = PBXGroup;
			children = (
				CF59B4AE62A3E13C35BDD2A9 /* MoviesTableViewDataSource.swift */,
			);
			path = DataSources;
			sourceTree = "<group>";
		};
		CF59BA798976827069D95464 /* Models */ = {
			isa = PBXGroup;
			children = (
				CF59B53487855E5D9380EA50 /* PaginationInfo.swift */,
				CF59BDA24082057C5C7C8C2A /* Movie.swift */,
				CF59B90F9F4C79F64600DB17 /* Validable.swift */,
				CF59BEBDC782616D8773AC6A /* MoviesResponse.swift */,
				CF59BFA6BDC02DEFA2F6E2BC /* ImageUrls.swift */,
				CF59B4E09B1B9D2A80CA418D /* MovieImageKind.swift */,
				CF59B484B0E23FCD82227A5F /* SearchResultItem.swift */,
				CF59BE61974E437AA3EC754C /* ItemKind.swift */,
				CF59B9DC69E000600D3833C2 /* TraktItem.swift */,
			);
			path = Models;
			sourceTree = "<group>";
		};
		CF59BB0E45C0D1432A83CB2F /* Protocols */ = {
			isa = PBXGroup;
			children = (
				CF59B4D56AB733300FF859B5 /* MovieInfoViewModelData.swift */,
				CF59B1B5DE7E7C62914FD460 /* MoviesViewModelData.swift */,
				CF59B835E989921773F8008D /* MoviesViewModelInput.swift */,
				CF59B39ED96FADA56C4D4CEB /* MoviesViewModelOutput.swift */,
				CF59BB88FD4887554DE8D653 /* PopularMoviesViewModelInput.swift */,
				CF59BCE041962299DF027B9A /* SearchMoviesViewModelInput.swift */,
			);
			path = Protocols;
			sourceTree = "<group>";
		};
		CF59BD36402D4BCC2D1B5DA7 /* Tests Shared */ = {
			isa = PBXGroup;
			children = (
				CF59B5AAED92D49142E05086 /* Responses */,
				CF59B0BE756A3F73388D1624 /* XCTestCase+Helpers.swift */,
			);
			path = "Tests Shared";
			sourceTree = "<group>";
		};
		CF59BFC15A46E5ED3AE620D4 /* Resources */ = {
			isa = PBXGroup;
			children = (
				CF59B67C1CAC157B52055278 /* LaunchScreen.storyboard */,
				CF59BF1CF729D1B3E5480CA3 /* Assets.xcassets */,
				CF59BA004F582AC914DBFCFE /* Assets.swift */,
			);
			path = Resources;
			sourceTree = "<group>";
		};
		D8C2946A1C8C517F001B2AD4 /* TraktSearchAPI */ = {
			isa = PBXGroup;
			children = (
				D8C2946B1C8C517F001B2AD4 /* TraktSearchAPI.h */,
				D8C2946D1C8C517F001B2AD4 /* Info.plist */,
				CF59B66B37E7D5E26A3F2BF6 /* TraktSearchAPI.swift */,
				CF59B32F7C11E4DC1047ED72 /* MoviesRequestType.swift */,
				CF59BA798976827069D95464 /* Models */,
				CF59BFA5DFF6241261AB7522 /* TraktSearchAPIProtocol.swift */,
				CF59B5B3D2C8575E7174AB69 /* TraktSearchAPICancelable.swift */,
			);
			path = TraktSearchAPI;
			sourceTree = "<group>";
		};
		D8C294781C8C517F001B2AD4 /* TraktSearchAPITests */ = {
			isa = PBXGroup;
			children = (
				D8C2947B1C8C517F001B2AD4 /* Info.plist */,
				D8C294A91C8D7E59001B2AD4 /* PaginationInfoTests.swift */,
				CF59BD2FCFF8C9AD30BB55ED /* ImageUrlsTests.swift */,
				CF59BA88A84877B5742EBB43 /* MovieTests.swift */,
				CF59BE77E3346F356DE19580 /* MovieImageKindTransformTests.swift */,
				CF59B8F893D27F4E6B5729B5 /* SearchResultItemTests.swift */,
				CF59B1BE98564A1F52C19860 /* JSONHelpers.swift */,
				CF59BD7636FC554F8BF9CDCF /* TraktSearchAPITests.swift */,
			);
			path = TraktSearchAPITests;
			sourceTree = "<group>";
		};
		D8C2948C1C8C57B9001B2AD4 /* Frameworks */ = {
			isa = PBXGroup;
			children = (
				D8589B331C91ACC4001EF0D7 /* AlamofireImage.framework */,
				D8589B301C918B88001EF0D7 /* SnapKit.framework */,
				D8589B2D1C8E47D7001EF0D7 /* OHHTTPStubs.framework */,
				D8C294A51C8C909B001B2AD4 /* AlamofireObjectMapper.framework */,
				D8C294A21C8C8D7A001B2AD4 /* ObjectMapper.framework */,
				D8C294871C8C55F2001B2AD4 /* Alamofire.framework */,
			);
			name = Frameworks;
			sourceTree = "<group>";
		};
		D8C294921C8C7DF8001B2AD4 /* TraktSearchAPIIntegrationTests */ = {
			isa = PBXGroup;
			children = (
				D8C294951C8C7DF8001B2AD4 /* Info.plist */,
				D8C2949D1C8C806F001B2AD4 /* TraktSearchAPITests.swift */,
			);
			path = TraktSearchAPIIntegrationTests;
			sourceTree = "<group>";
		};
		D8D161911C8C333B0079F89D = {
			isa = PBXGroup;
			children = (
				D8C294921C8C7DF8001B2AD4 /* TraktSearchAPIIntegrationTests */,
				D8C2948C1C8C57B9001B2AD4 /* Frameworks */,
				D8D1619C1C8C333B0079F89D /* TraktSearcher */,
				D8D161B11C8C333B0079F89D /* TraktSearcherTests */,
				D8C2946A1C8C517F001B2AD4 /* TraktSearchAPI */,
				D8C294781C8C517F001B2AD4 /* TraktSearchAPITests */,
				D8D1619B1C8C333B0079F89D /* Products */,
				CF59BD1629362C7623959A70 /* Cartfile */,
				CF59B664374928EC808C11D4 /* LICENSE */,
				CF59BE86DF97B1A666267FC7 /* README.md */,
				CF59B69D04890793399BD61C /* Cartfile.private */,
				CF59BD36402D4BCC2D1B5DA7 /* Tests Shared */,
			);
			sourceTree = "<group>";
		};
		D8D1619B1C8C333B0079F89D /* Products */ = {
			isa = PBXGroup;
			children = (
				D8D1619A1C8C333B0079F89D /* TraktSearcher.app */,
				D8D161AE1C8C333B0079F89D /* TraktSearcherTests.xctest */,
				D8C294691C8C517F001B2AD4 /* TraktSearchAPI.framework */,
				D8C294721C8C517F001B2AD4 /* TraktSearchAPITests.xctest */,
				D8C294911C8C7DF8001B2AD4 /* TraktSearchAPIIntegrationTests.xctest */,
			);
			name = Products;
			sourceTree = "<group>";
		};
		D8D1619C1C8C333B0079F89D /* TraktSearcher */ = {
			isa = PBXGroup;
			children = (
				D8D1619D1C8C333B0079F89D /* AppDelegate.swift */,
				D8D161A91C8C333B0079F89D /* Info.plist */,
				CF59B19E3B1877A9B6DBDB34 /* Views & Controllers */,
				CF59BFC15A46E5ED3AE620D4 /* Resources */,
				CF59B45A6D4970C7FE454ECE /* Models & View Models */,
				CF59B067FE3F48E90F13DA90 /* Assembly */,
			);
			path = TraktSearcher;
			sourceTree = "<group>";
		};
		D8D161B11C8C333B0079F89D /* TraktSearcherTests */ = {
			isa = PBXGroup;
			children = (
				D8D161B41C8C333B0079F89D /* Info.plist */,
				D8C294601C8C4A55001B2AD4 /* AssetsTests.swift */,
				D8CA85331C9211DB0099468B /* PopularMoviesViewModelTests.swift */,
				CF59B02D1AE1BBE8DEBDEA5E /* TrackSearchAPIMock.swift */,
				CF59B6C9B738925CA1B82ECE /* MoviesViewModelOutputMock.swift */,
			);
			path = TraktSearcherTests;
			sourceTree = "<group>";
		};
/* End PBXGroup section */

/* Begin PBXHeadersBuildPhase section */
		D8C294661C8C517F001B2AD4 /* Headers */ = {
			isa = PBXHeadersBuildPhase;
			buildActionMask = 2147483647;
			files = (
				D8C2946C1C8C517F001B2AD4 /* TraktSearchAPI.h in Headers */,
			);
			runOnlyForDeploymentPostprocessing = 0;
		};
/* End PBXHeadersBuildPhase section */

/* Begin PBXNativeTarget section */
		D8C294681C8C517F001B2AD4 /* TraktSearchAPI */ = {
			isa = PBXNativeTarget;
			buildConfigurationList = D8C294841C8C5180001B2AD4 /* Build configuration list for PBXNativeTarget "TraktSearchAPI" */;
			buildPhases = (
				D8C294641C8C517F001B2AD4 /* Sources */,
				D8C294651C8C517F001B2AD4 /* Frameworks */,
				D8C294661C8C517F001B2AD4 /* Headers */,
				D8C294671C8C517F001B2AD4 /* Resources */,
				D8C294B21C8DE8E2001B2AD4 /* Copy Frameworks Files */,
			);
			buildRules = (
			);
			dependencies = (
			);
			name = TraktSearchAPI;
			productName = TraktSearchAPI;
			productReference = D8C294691C8C517F001B2AD4 /* TraktSearchAPI.framework */;
			productType = "com.apple.product-type.framework";
		};
		D8C294711C8C517F001B2AD4 /* TraktSearchAPITests */ = {
			isa = PBXNativeTarget;
			buildConfigurationList = D8C294861C8C5180001B2AD4 /* Build configuration list for PBXNativeTarget "TraktSearchAPITests" */;
			buildPhases = (
				D8C2946E1C8C517F001B2AD4 /* Sources */,
				D8C2946F1C8C517F001B2AD4 /* Frameworks */,
				D8C294701C8C517F001B2AD4 /* Resources */,
				D8C294AC1C8D8043001B2AD4 /* Copy Frameworks Files */,
			);
			buildRules = (
			);
			dependencies = (
				D8C294751C8C517F001B2AD4 /* PBXTargetDependency */,
				D8C294771C8C517F001B2AD4 /* PBXTargetDependency */,
			);
			name = TraktSearchAPITests;
			productName = TraktSearchAPITests;
			productReference = D8C294721C8C517F001B2AD4 /* TraktSearchAPITests.xctest */;
			productType = "com.apple.product-type.bundle.unit-test";
		};
		D8C294901C8C7DF8001B2AD4 /* TraktSearchAPIIntegrationTests */ = {
			isa = PBXNativeTarget;
			buildConfigurationList = D8C2949B1C8C7DF8001B2AD4 /* Build configuration list for PBXNativeTarget "TraktSearchAPIIntegrationTests" */;
			buildPhases = (
				D8C2948D1C8C7DF8001B2AD4 /* Sources */,
				D8C2948E1C8C7DF8001B2AD4 /* Frameworks */,
				D8C2948F1C8C7DF8001B2AD4 /* Resources */,
				D8C294A01C8C82D0001B2AD4 /* Copy Frameworks Files */,
			);
			buildRules = (
			);
			dependencies = (
				D8C294981C8C7DF8001B2AD4 /* PBXTargetDependency */,
			);
			name = TraktSearchAPIIntegrationTests;
			productName = TraktSearchAPIIntegrationTests;
			productReference = D8C294911C8C7DF8001B2AD4 /* TraktSearchAPIIntegrationTests.xctest */;
			productType = "com.apple.product-type.bundle.unit-test";
		};
		D8D161991C8C333B0079F89D /* TraktSearcher */ = {
			isa = PBXNativeTarget;
			buildConfigurationList = D8D161B71C8C333B0079F89D /* Build configuration list for PBXNativeTarget "TraktSearcher" */;
			buildPhases = (
				D8D161961C8C333B0079F89D /* Sources */,
				D8D161971C8C333B0079F89D /* Frameworks */,
				D8D161981C8C333B0079F89D /* Resources */,
				D8C294851C8C5180001B2AD4 /* Embed Frameworks */,
			);
			buildRules = (
			);
			dependencies = (
				D8C2947D1C8C517F001B2AD4 /* PBXTargetDependency */,
			);
			name = TraktSearcher;
			productName = TraktSearcher;
			productReference = D8D1619A1C8C333B0079F89D /* TraktSearcher.app */;
			productType = "com.apple.product-type.application";
		};
		D8D161AD1C8C333B0079F89D /* TraktSearcherTests */ = {
			isa = PBXNativeTarget;
			buildConfigurationList = D8D161BA1C8C333B0079F89D /* Build configuration list for PBXNativeTarget "TraktSearcherTests" */;
			buildPhases = (
				D8D161AA1C8C333B0079F89D /* Sources */,
				D8D161AB1C8C333B0079F89D /* Frameworks */,
				D8D161AC1C8C333B0079F89D /* Resources */,
				D8CA85351C921BC80099468B /* Copy Frameworks Files */,
			);
			buildRules = (
			);
			dependencies = (
				D8D161B01C8C333B0079F89D /* PBXTargetDependency */,
			);
			name = TraktSearcherTests;
			productName = TraktSearcherTests;
			productReference = D8D161AE1C8C333B0079F89D /* TraktSearcherTests.xctest */;
			productType = "com.apple.product-type.bundle.unit-test";
		};
/* End PBXNativeTarget section */

/* Begin PBXProject section */
		D8D161921C8C333B0079F89D /* Project object */ = {
			isa = PBXProject;
			attributes = {
				LastSwiftUpdateCheck = 0720;
				LastUpgradeCheck = 0720;
				ORGANIZATIONNAME = "Vitaly Chupryk";
				TargetAttributes = {
					D8C294681C8C517F001B2AD4 = {
						CreatedOnToolsVersion = 7.2.1;
					};
					D8C294711C8C517F001B2AD4 = {
						CreatedOnToolsVersion = 7.2.1;
					};
					D8C294901C8C7DF8001B2AD4 = {
						CreatedOnToolsVersion = 7.2.1;
					};
					D8D161991C8C333B0079F89D = {
						CreatedOnToolsVersion = 7.2.1;
					};
					D8D161AD1C8C333B0079F89D = {
						CreatedOnToolsVersion = 7.2.1;
						TestTargetID = D8D161991C8C333B0079F89D;
					};
				};
			};
			buildConfigurationList = D8D161951C8C333B0079F89D /* Build configuration list for PBXProject "TraktSearcher" */;
			compatibilityVersion = "Xcode 3.2";
			developmentRegion = English;
			hasScannedForEncodings = 0;
			knownRegions = (
				en,
				Base,
			);
			mainGroup = D8D161911C8C333B0079F89D;
			productRefGroup = D8D1619B1C8C333B0079F89D /* Products */;
			projectDirPath = "";
			projectRoot = "";
			targets = (
				D8D161991C8C333B0079F89D /* TraktSearcher */,
				D8D161AD1C8C333B0079F89D /* TraktSearcherTests */,
				D8C294681C8C517F001B2AD4 /* TraktSearchAPI */,
				D8C294711C8C517F001B2AD4 /* TraktSearchAPITests */,
				D8C294901C8C7DF8001B2AD4 /* TraktSearchAPIIntegrationTests */,
			);
		};
/* End PBXProject section */

/* Begin PBXResourcesBuildPhase section */
		D8C294671C8C517F001B2AD4 /* Resources */ = {
			isa = PBXResourcesBuildPhase;
			buildActionMask = 2147483647;
			files = (
			);
			runOnlyForDeploymentPostprocessing = 0;
		};
		D8C294701C8C517F001B2AD4 /* Resources */ = {
			isa = PBXResourcesBuildPhase;
			buildActionMask = 2147483647;
			files = (
			);
			runOnlyForDeploymentPostprocessing = 0;
		};
		D8C2948F1C8C7DF8001B2AD4 /* Resources */ = {
			isa = PBXResourcesBuildPhase;
			buildActionMask = 2147483647;
			files = (
				CF59B70C0C4C1ADCB45FF5C1 /* SearchMovies.invalid.json in Resources */,
				CF59B6007AD1F703C7677684 /* PopularMovies.invalid.json in Resources */,
				CF59BFB8B7355762E9A727B9 /* SearchMovies.normal.json in Resources */,
				CF59BFE7C58E75F3FF14E518 /* Headers.normal.json in Resources */,
				CF59B7AB9547E8FA9182474A /* Headers.invalid.json in Resources */,
				CF59B41C689B7B1247C2A675 /* PopularMovies.normal.json in Resources */,
			);
			runOnlyForDeploymentPostprocessing = 0;
		};
		D8D161981C8C333B0079F89D /* Resources */ = {
			isa = PBXResourcesBuildPhase;
			buildActionMask = 2147483647;
			files = (
				CF59BFF07FDE71822E0BDFC5 /* LaunchScreen.storyboard in Resources */,
				CF59B6EB83544068EDE635CE /* Assets.xcassets in Resources */,
			);
			runOnlyForDeploymentPostprocessing = 0;
		};
		D8D161AC1C8C333B0079F89D /* Resources */ = {
			isa = PBXResourcesBuildPhase;
			buildActionMask = 2147483647;
			files = (
				CF59B41B2D965DAE26DC2E3C /* SearchMovies.invalid.json in Resources */,
				CF59BEC65229A6F7B85DE966 /* PopularMovies.invalid.json in Resources */,
				CF59B3E1EA4DD95D38DD38DF /* SearchMovies.normal.json in Resources */,
				CF59BE57258639569C49A530 /* Headers.normal.json in Resources */,
				CF59BAF327DB6E38756A4FD6 /* Headers.invalid.json in Resources */,
				CF59B4052BCC35CA2E3370DB /* PopularMovies.normal.json in Resources */,
			);
			runOnlyForDeploymentPostprocessing = 0;
		};
/* End PBXResourcesBuildPhase section */

/* Begin PBXSourcesBuildPhase section */
		D8C294641C8C517F001B2AD4 /* Sources */ = {
			isa = PBXSourcesBuildPhase;
			buildActionMask = 2147483647;
			files = (
				CF59B9E3542F8D113A210430 /* TraktSearchAPI.swift in Sources */,
				CF59BAF410598B928E42DE70 /* MoviesRequestType.swift in Sources */,
				CF59BEC24C1067BF92F9BD2C /* PaginationInfo.swift in Sources */,
				CF59BFAF6BB17AE13B62364C /* Movie.swift in Sources */,
				CF59BD456B58B8E0732079B7 /* Validable.swift in Sources */,
				CF59BB56BD3E1A4781E5D71C /* MoviesResponse.swift in Sources */,
				CF59B94DF2FCB34CF6695705 /* ImageUrls.swift in Sources */,
				CF59BC0B3D748D1215055F59 /* MovieImageKind.swift in Sources */,
				CF59B3BACE182011B6759ABA /* SearchResultItem.swift in Sources */,
				CF59B40D2E41B1CB8151DD11 /* ItemKind.swift in Sources */,
				CF59B0682816BED02EEF5B58 /* TraktItem.swift in Sources */,
				CF59B383C1406DE5A09CA4A4 /* TraktSearchAPIProtocol.swift in Sources */,
				CF59B6A3ECE200C20221E602 /* TraktSearchAPICancelable.swift in Sources */,
			);
			runOnlyForDeploymentPostprocessing = 0;
		};
		D8C2946E1C8C517F001B2AD4 /* Sources */ = {
			isa = PBXSourcesBuildPhase;
			buildActionMask = 2147483647;
			files = (
				D8C294AA1C8D7E59001B2AD4 /* PaginationInfoTests.swift in Sources */,
				CF59B9E16E5345D9B942DBF8 /* ImageUrlsTests.swift in Sources */,
				CF59B9204C7E9289C5DA1ED4 /* MovieTests.swift in Sources */,
				CF59B599C50E8527FE51D567 /* MovieImageKindTransformTests.swift in Sources */,
				CF59B99F586F295C5975840C /* SearchResultItemTests.swift in Sources */,
				CF59B219762512A23522B885 /* JSONHelpers.swift in Sources */,
				CF59B1B00420A23696EFD044 /* TraktSearchAPITests.swift in Sources */,
			);
			runOnlyForDeploymentPostprocessing = 0;
		};
		D8C2948D1C8C7DF8001B2AD4 /* Sources */ = {
			isa = PBXSourcesBuildPhase;
			buildActionMask = 2147483647;
			files = (
				D8C2949E1C8C806F001B2AD4 /* TraktSearchAPITests.swift in Sources */,
				CF59BB54D4FC908E9443A1BD /* XCTestCase+Helpers.swift in Sources */,
			);
			runOnlyForDeploymentPostprocessing = 0;
		};
		D8D161961C8C333B0079F89D /* Sources */ = {
			isa = PBXSourcesBuildPhase;
			buildActionMask = 2147483647;
			files = (
				D8D1619E1C8C333B0079F89D /* AppDelegate.swift in Sources */,
				CF59B605A7B8F5B0E6C0C38D /* MainViewController.swift in Sources */,
				CF59B1A147AB0C143EA2F2D9 /* Assets.swift in Sources */,
				CF59B0A04821E2C975D26F98 /* MoviesViewModel.swift in Sources */,
				CF59B5BB0BD07ABB5C42513D /* MovieInfo.swift in Sources */,
				CF59BAB5A29AF3B2865EB24B /* PopularMoviesViewModel.swift in Sources */,
				CF59B0A917C7266090E1D66B /* MovieTableViewCell.swift in Sources */,
				CF59BA7373F16045C8C02C8D /* MoviesTableViewDataSource.swift in Sources */,
				CF59BD2BD8281C33F97DB3A5 /* SearchMoviesViewModel.swift in Sources */,
				CF59BC88D978C06973BCA47E /* MovieInfoViewModelData.swift in Sources */,
				CF59BF5F8EFC3799A3462620 /* MoviesViewModelData.swift in Sources */,
				CF59BB24EE37F63AFCA85138 /* MoviesViewModelInput.swift in Sources */,
				CF59B3C099809702A8F90C0F /* MoviesViewModelOutput.swift in Sources */,
				CF59B111FC4FB5C92262A731 /* PopularMoviesViewModelInput.swift in Sources */,
				CF59B19766B2E8AA4DB24D2C /* SearchMoviesViewModelInput.swift in Sources */,
				CF59BD966AE55002B118B2C7 /* MoviesAssembly.swift in Sources */,
			);
			runOnlyForDeploymentPostprocessing = 0;
		};
		D8D161AA1C8C333B0079F89D /* Sources */ = {
			isa = PBXSourcesBuildPhase;
			buildActionMask = 2147483647;
			files = (
				D8C294611C8C4A55001B2AD4 /* AssetsTests.swift in Sources */,
				D8CA85341C9211DB0099468B /* PopularMoviesViewModelTests.swift in Sources */,
				CF59B6F4A59A5845CB0E19CD /* TrackSearchAPIMock.swift in Sources */,
				CF59B1CEFA13811E41E5DC28 /* MoviesViewModelOutputMock.swift in Sources */,
				CF59BF337EF94AEF725CA14B /* XCTestCase+Helpers.swift in Sources */,
			);
			runOnlyForDeploymentPostprocessing = 0;
		};
/* End PBXSourcesBuildPhase section */

/* Begin PBXTargetDependency section */
		D8C294751C8C517F001B2AD4 /* PBXTargetDependency */ = {
			isa = PBXTargetDependency;
			target = D8C294681C8C517F001B2AD4 /* TraktSearchAPI */;
			targetProxy = D8C294741C8C517F001B2AD4 /* PBXContainerItemProxy */;
		};
		D8C294771C8C517F001B2AD4 /* PBXTargetDependency */ = {
			isa = PBXTargetDependency;
			target = D8D161991C8C333B0079F89D /* TraktSearcher */;
			targetProxy = D8C294761C8C517F001B2AD4 /* PBXContainerItemProxy */;
		};
		D8C2947D1C8C517F001B2AD4 /* PBXTargetDependency */ = {
			isa = PBXTargetDependency;
			target = D8C294681C8C517F001B2AD4 /* TraktSearchAPI */;
			targetProxy = D8C2947C1C8C517F001B2AD4 /* PBXContainerItemProxy */;
		};
		D8C294981C8C7DF8001B2AD4 /* PBXTargetDependency */ = {
			isa = PBXTargetDependency;
			target = D8C294681C8C517F001B2AD4 /* TraktSearchAPI */;
			targetProxy = D8C294971C8C7DF8001B2AD4 /* PBXContainerItemProxy */;
		};
		D8D161B01C8C333B0079F89D /* PBXTargetDependency */ = {
			isa = PBXTargetDependency;
			target = D8D161991C8C333B0079F89D /* TraktSearcher */;
			targetProxy = D8D161AF1C8C333B0079F89D /* PBXContainerItemProxy */;
		};
/* End PBXTargetDependency section */

/* Begin PBXVariantGroup section */
		CF59B67C1CAC157B52055278 /* LaunchScreen.storyboard */ = {
			isa = PBXVariantGroup;
			children = (
				CF59B09C3E9D91B6CA046CA5 /* Base */,
			);
			name = LaunchScreen.storyboard;
			sourceTree = "<group>";
		};
/* End PBXVariantGroup section */

/* Begin XCBuildConfiguration section */
		D8C294801C8C5180001B2AD4 /* Debug */ = {
			isa = XCBuildConfiguration;
			buildSettings = {
				CURRENT_PROJECT_VERSION = 1;
				DEFINES_MODULE = YES;
				DYLIB_COMPATIBILITY_VERSION = 1;
				DYLIB_CURRENT_VERSION = 1;
				DYLIB_INSTALL_NAME_BASE = "@rpath";
				FRAMEWORK_SEARCH_PATHS = (
					"$(inherited)",
					"$(PROJECT_DIR)/Carthage/Build/iOS",
				);
				INFOPLIST_FILE = TraktSearchAPI/Info.plist;
				INSTALL_PATH = "$(LOCAL_LIBRARY_DIR)/Frameworks";
				IPHONEOS_DEPLOYMENT_TARGET = 8.0;
				LD_RUNPATH_SEARCH_PATHS = "$(inherited) @executable_path/Frameworks @loader_path/Frameworks";
				PRODUCT_BUNDLE_IDENTIFIER = com.softmaxsg.TraktSearchAPI;
				PRODUCT_NAME = "$(TARGET_NAME)";
				SKIP_INSTALL = YES;
				SWIFT_INSTALL_OBJC_HEADER = NO;
				TARGETED_DEVICE_FAMILY = "1,2";
				VERSIONING_SYSTEM = "apple-generic";
				VERSION_INFO_PREFIX = "";
			};
			name = Debug;
		};
		D8C294811C8C5180001B2AD4 /* Release */ = {
			isa = XCBuildConfiguration;
			buildSettings = {
				CURRENT_PROJECT_VERSION = 1;
				DEFINES_MODULE = YES;
				DYLIB_COMPATIBILITY_VERSION = 1;
				DYLIB_CURRENT_VERSION = 1;
				DYLIB_INSTALL_NAME_BASE = "@rpath";
				FRAMEWORK_SEARCH_PATHS = (
					"$(inherited)",
					"$(PROJECT_DIR)/Carthage/Build/iOS",
				);
				INFOPLIST_FILE = TraktSearchAPI/Info.plist;
				INSTALL_PATH = "$(LOCAL_LIBRARY_DIR)/Frameworks";
				IPHONEOS_DEPLOYMENT_TARGET = 8.0;
				LD_RUNPATH_SEARCH_PATHS = "$(inherited) @executable_path/Frameworks @loader_path/Frameworks";
				PRODUCT_BUNDLE_IDENTIFIER = com.softmaxsg.TraktSearchAPI;
				PRODUCT_NAME = "$(TARGET_NAME)";
				SKIP_INSTALL = YES;
				SWIFT_INSTALL_OBJC_HEADER = NO;
				TARGETED_DEVICE_FAMILY = "1,2";
				VERSIONING_SYSTEM = "apple-generic";
				VERSION_INFO_PREFIX = "";
			};
			name = Release;
		};
		D8C294821C8C5180001B2AD4 /* Debug */ = {
			isa = XCBuildConfiguration;
			buildSettings = {
				CLANG_ENABLE_MODULES = YES;
				FRAMEWORK_SEARCH_PATHS = (
					"$(inherited)",
					"$(PROJECT_DIR)/Carthage/Build/iOS",
				);
				INFOPLIST_FILE = TraktSearchAPITests/Info.plist;
				LD_RUNPATH_SEARCH_PATHS = "$(inherited) @executable_path/Frameworks @loader_path/Frameworks";
				PRODUCT_BUNDLE_IDENTIFIER = com.softmaxsg.TraktSearchAPITests;
				PRODUCT_NAME = "$(TARGET_NAME)";
				SWIFT_INSTALL_OBJC_HEADER = NO;
				SWIFT_OPTIMIZATION_LEVEL = "-Onone";
			};
			name = Debug;
		};
		D8C294831C8C5180001B2AD4 /* Release */ = {
			isa = XCBuildConfiguration;
			buildSettings = {
				CLANG_ENABLE_MODULES = YES;
				FRAMEWORK_SEARCH_PATHS = (
					"$(inherited)",
					"$(PROJECT_DIR)/Carthage/Build/iOS",
				);
				INFOPLIST_FILE = TraktSearchAPITests/Info.plist;
				LD_RUNPATH_SEARCH_PATHS = "$(inherited) @executable_path/Frameworks @loader_path/Frameworks";
				PRODUCT_BUNDLE_IDENTIFIER = com.softmaxsg.TraktSearchAPITests;
				PRODUCT_NAME = "$(TARGET_NAME)";
				SWIFT_INSTALL_OBJC_HEADER = NO;
			};
			name = Release;
		};
		D8C294991C8C7DF8001B2AD4 /* Debug */ = {
			isa = XCBuildConfiguration;
			buildSettings = {
				CLANG_ENABLE_MODULES = YES;
				FRAMEWORK_SEARCH_PATHS = (
					"$(inherited)",
					"$(PROJECT_DIR)/Carthage/Build/iOS",
				);
				INFOPLIST_FILE = TraktSearchAPIIntegrationTests/Info.plist;
				LD_RUNPATH_SEARCH_PATHS = "$(inherited) @executable_path/Frameworks @loader_path/Frameworks";
				PRODUCT_BUNDLE_IDENTIFIER = com.softmaxsg.TraktSearchAPIIntegrationTests;
				PRODUCT_NAME = "$(TARGET_NAME)";
				SWIFT_INSTALL_OBJC_HEADER = NO;
				SWIFT_OPTIMIZATION_LEVEL = "-Onone";
			};
			name = Debug;
		};
		D8C2949A1C8C7DF8001B2AD4 /* Release */ = {
			isa = XCBuildConfiguration;
			buildSettings = {
				CLANG_ENABLE_MODULES = YES;
				FRAMEWORK_SEARCH_PATHS = (
					"$(inherited)",
					"$(PROJECT_DIR)/Carthage/Build/iOS",
				);
				INFOPLIST_FILE = TraktSearchAPIIntegrationTests/Info.plist;
				LD_RUNPATH_SEARCH_PATHS = "$(inherited) @executable_path/Frameworks @loader_path/Frameworks";
				PRODUCT_BUNDLE_IDENTIFIER = com.softmaxsg.TraktSearchAPIIntegrationTests;
				PRODUCT_NAME = "$(TARGET_NAME)";
				SWIFT_INSTALL_OBJC_HEADER = NO;
			};
			name = Release;
		};
		D8D161B51C8C333B0079F89D /* Debug */ = {
			isa = XCBuildConfiguration;
			buildSettings = {
				ALWAYS_SEARCH_USER_PATHS = NO;
				CLANG_CXX_LANGUAGE_STANDARD = "gnu++0x";
				CLANG_CXX_LIBRARY = "libc++";
				CLANG_ENABLE_MODULES = YES;
				CLANG_ENABLE_OBJC_ARC = YES;
				CLANG_WARN_BOOL_CONVERSION = YES;
				CLANG_WARN_CONSTANT_CONVERSION = YES;
				CLANG_WARN_DIRECT_OBJC_ISA_USAGE = YES_ERROR;
				CLANG_WARN_EMPTY_BODY = YES;
				CLANG_WARN_ENUM_CONVERSION = YES;
				CLANG_WARN_INT_CONVERSION = YES;
				CLANG_WARN_OBJC_ROOT_CLASS = YES_ERROR;
				CLANG_WARN_UNREACHABLE_CODE = YES;
				CLANG_WARN__DUPLICATE_METHOD_MATCH = YES;
				"CODE_SIGN_IDENTITY[sdk=iphoneos*]" = "iPhone Developer";
				COPY_PHASE_STRIP = NO;
				DEBUG_INFORMATION_FORMAT = dwarf;
				ENABLE_STRICT_OBJC_MSGSEND = YES;
				ENABLE_TESTABILITY = YES;
				GCC_C_LANGUAGE_STANDARD = gnu99;
				GCC_DYNAMIC_NO_PIC = NO;
				GCC_NO_COMMON_BLOCKS = YES;
				GCC_OPTIMIZATION_LEVEL = 0;
				GCC_PREPROCESSOR_DEFINITIONS = (
					"DEBUG=1",
					"$(inherited)",
				);
				GCC_WARN_64_TO_32_BIT_CONVERSION = YES;
				GCC_WARN_ABOUT_RETURN_TYPE = YES_ERROR;
				GCC_WARN_UNDECLARED_SELECTOR = YES;
				GCC_WARN_UNINITIALIZED_AUTOS = YES_AGGRESSIVE;
				GCC_WARN_UNUSED_FUNCTION = YES;
				GCC_WARN_UNUSED_VARIABLE = YES;
				IPHONEOS_DEPLOYMENT_TARGET = 9.2;
				MTL_ENABLE_DEBUG_INFO = YES;
				ONLY_ACTIVE_ARCH = YES;
				SDKROOT = iphoneos;
				SWIFT_OPTIMIZATION_LEVEL = "-Onone";
			};
			name = Debug;
		};
		D8D161B61C8C333B0079F89D /* Release */ = {
			isa = XCBuildConfiguration;
			buildSettings = {
				ALWAYS_SEARCH_USER_PATHS = NO;
				CLANG_CXX_LANGUAGE_STANDARD = "gnu++0x";
				CLANG_CXX_LIBRARY = "libc++";
				CLANG_ENABLE_MODULES = YES;
				CLANG_ENABLE_OBJC_ARC = YES;
				CLANG_WARN_BOOL_CONVERSION = YES;
				CLANG_WARN_CONSTANT_CONVERSION = YES;
				CLANG_WARN_DIRECT_OBJC_ISA_USAGE = YES_ERROR;
				CLANG_WARN_EMPTY_BODY = YES;
				CLANG_WARN_ENUM_CONVERSION = YES;
				CLANG_WARN_INT_CONVERSION = YES;
				CLANG_WARN_OBJC_ROOT_CLASS = YES_ERROR;
				CLANG_WARN_UNREACHABLE_CODE = YES;
				CLANG_WARN__DUPLICATE_METHOD_MATCH = YES;
				"CODE_SIGN_IDENTITY[sdk=iphoneos*]" = "iPhone Developer";
				COPY_PHASE_STRIP = NO;
				DEBUG_INFORMATION_FORMAT = "dwarf-with-dsym";
				ENABLE_NS_ASSERTIONS = NO;
				ENABLE_STRICT_OBJC_MSGSEND = YES;
				GCC_C_LANGUAGE_STANDARD = gnu99;
				GCC_NO_COMMON_BLOCKS = YES;
				GCC_WARN_64_TO_32_BIT_CONVERSION = YES;
				GCC_WARN_ABOUT_RETURN_TYPE = YES_ERROR;
				GCC_WARN_UNDECLARED_SELECTOR = YES;
				GCC_WARN_UNINITIALIZED_AUTOS = YES_AGGRESSIVE;
				GCC_WARN_UNUSED_FUNCTION = YES;
				GCC_WARN_UNUSED_VARIABLE = YES;
				IPHONEOS_DEPLOYMENT_TARGET = 9.2;
				MTL_ENABLE_DEBUG_INFO = NO;
				SDKROOT = iphoneos;
				VALIDATE_PRODUCT = YES;
			};
			name = Release;
		};
		D8D161B81C8C333B0079F89D /* Debug */ = {
			isa = XCBuildConfiguration;
			buildSettings = {
				ASSETCATALOG_COMPILER_APPICON_NAME = AppIcon;
				FRAMEWORK_SEARCH_PATHS = (
					"$(inherited)",
					"$(PROJECT_DIR)/Carthage/Build/iOS",
				);
				INFOPLIST_FILE = TraktSearcher/Info.plist;
				IPHONEOS_DEPLOYMENT_TARGET = 8.0;
				LD_RUNPATH_SEARCH_PATHS = "$(inherited) @executable_path/Frameworks";
				PRODUCT_BUNDLE_IDENTIFIER = com.softmaxsg.TraktSearcher;
				PRODUCT_NAME = "$(TARGET_NAME)";
				SWIFT_INSTALL_OBJC_HEADER = NO;
				TARGETED_DEVICE_FAMILY = 1;
			};
			name = Debug;
		};
		D8D161B91C8C333B0079F89D /* Release */ = {
			isa = XCBuildConfiguration;
			buildSettings = {
				ASSETCATALOG_COMPILER_APPICON_NAME = AppIcon;
				FRAMEWORK_SEARCH_PATHS = (
					"$(inherited)",
					"$(PROJECT_DIR)/Carthage/Build/iOS",
				);
				INFOPLIST_FILE = TraktSearcher/Info.plist;
				IPHONEOS_DEPLOYMENT_TARGET = 8.0;
				LD_RUNPATH_SEARCH_PATHS = "$(inherited) @executable_path/Frameworks";
				PRODUCT_BUNDLE_IDENTIFIER = com.softmaxsg.TraktSearcher;
				PRODUCT_NAME = "$(TARGET_NAME)";
				SWIFT_INSTALL_OBJC_HEADER = NO;
				TARGETED_DEVICE_FAMILY = 1;
			};
			name = Release;
		};
		D8D161BB1C8C333B0079F89D /* Debug */ = {
			isa = XCBuildConfiguration;
			buildSettings = {
				BUNDLE_LOADER = "$(TEST_HOST)";
				CLANG_ENABLE_MODULES = YES;
				FRAMEWORK_SEARCH_PATHS = (
					"$(inherited)",
					"$(PROJECT_DIR)/Carthage/Build/iOS",
				);
				INFOPLIST_FILE = TraktSearcherTests/Info.plist;
				LD_RUNPATH_SEARCH_PATHS = "$(inherited) @executable_path/Frameworks @loader_path/Frameworks";
				PRODUCT_BUNDLE_IDENTIFIER = com.softmaxsg.TraktSearcherTests;
				PRODUCT_NAME = "$(TARGET_NAME)";
				SWIFT_INSTALL_OBJC_HEADER = NO;
				SWIFT_OBJC_BRIDGING_HEADER = "";
				SWIFT_OPTIMIZATION_LEVEL = "-Onone";
				TEST_HOST = "$(BUILT_PRODUCTS_DIR)/TraktSearcher.app/TraktSearcher";
			};
			name = Debug;
		};
		D8D161BC1C8C333B0079F89D /* Release */ = {
			isa = XCBuildConfiguration;
			buildSettings = {
				BUNDLE_LOADER = "$(TEST_HOST)";
				CLANG_ENABLE_MODULES = YES;
				FRAMEWORK_SEARCH_PATHS = (
					"$(inherited)",
					"$(PROJECT_DIR)/Carthage/Build/iOS",
				);
				INFOPLIST_FILE = TraktSearcherTests/Info.plist;
				LD_RUNPATH_SEARCH_PATHS = "$(inherited) @executable_path/Frameworks @loader_path/Frameworks";
				PRODUCT_BUNDLE_IDENTIFIER = com.softmaxsg.TraktSearcherTests;
				PRODUCT_NAME = "$(TARGET_NAME)";
				SWIFT_INSTALL_OBJC_HEADER = NO;
				SWIFT_OBJC_BRIDGING_HEADER = "";
				TEST_HOST = "$(BUILT_PRODUCTS_DIR)/TraktSearcher.app/TraktSearcher";
			};
			name = Release;
		};
/* End XCBuildConfiguration section */

/* Begin XCConfigurationList section */
		D8C294841C8C5180001B2AD4 /* Build configuration list for PBXNativeTarget "TraktSearchAPI" */ = {
			isa = XCConfigurationList;
			buildConfigurations = (
				D8C294801C8C5180001B2AD4 /* Debug */,
				D8C294811C8C5180001B2AD4 /* Release */,
			);
			defaultConfigurationIsVisible = 0;
			defaultConfigurationName = Release;
		};
		D8C294861C8C5180001B2AD4 /* Build configuration list for PBXNativeTarget "TraktSearchAPITests" */ = {
			isa = XCConfigurationList;
			buildConfigurations = (
				D8C294821C8C5180001B2AD4 /* Debug */,
				D8C294831C8C5180001B2AD4 /* Release */,
			);
			defaultConfigurationIsVisible = 0;
			defaultConfigurationName = Release;
		};
		D8C2949B1C8C7DF8001B2AD4 /* Build configuration list for PBXNativeTarget "TraktSearchAPIIntegrationTests" */ = {
			isa = XCConfigurationList;
			buildConfigurations = (
				D8C294991C8C7DF8001B2AD4 /* Debug */,
				D8C2949A1C8C7DF8001B2AD4 /* Release */,
			);
			defaultConfigurationIsVisible = 0;
			defaultConfigurationName = Release;
		};
		D8D161951C8C333B0079F89D /* Build configuration list for PBXProject "TraktSearcher" */ = {
			isa = XCConfigurationList;
			buildConfigurations = (
				D8D161B51C8C333B0079F89D /* Debug */,
				D8D161B61C8C333B0079F89D /* Release */,
			);
			defaultConfigurationIsVisible = 0;
			defaultConfigurationName = Release;
		};
		D8D161B71C8C333B0079F89D /* Build configuration list for PBXNativeTarget "TraktSearcher" */ = {
			isa = XCConfigurationList;
			buildConfigurations = (
				D8D161B81C8C333B0079F89D /* Debug */,
				D8D161B91C8C333B0079F89D /* Release */,
			);
			defaultConfigurationIsVisible = 0;
			defaultConfigurationName = Release;
		};
		D8D161BA1C8C333B0079F89D /* Build configuration list for PBXNativeTarget "TraktSearcherTests" */ = {
			isa = XCConfigurationList;
			buildConfigurations = (
				D8D161BB1C8C333B0079F89D /* Debug */,
				D8D161BC1C8C333B0079F89D /* Release */,
			);
			defaultConfigurationIsVisible = 0;
			defaultConfigurationName = Release;
		};
/* End XCConfigurationList section */
	};
	rootObject = D8D161921C8C333B0079F89D /* Project object */;
}
