// !$*UTF8*$!
{
	archiveVersion = 1;
	classes = {
	};
	objectVersion = 46;
	objects = {

/* Begin PBXBuildFile section */
		CF59B1A147AB0C143EA2F2D9 /* Assets.swift in Sources */ = {isa = PBXBuildFile; fileRef = CF59BA004F582AC914DBFCFE /* Assets.swift */; };
		CF59B605A7B8F5B0E6C0C38D /* MainViewController.swift in Sources */ = {isa = PBXBuildFile; fileRef = CF59BDBFDC6E4E4865B2558C /* MainViewController.swift */; };
		CF59B6EB83544068EDE635CE /* Assets.xcassets in Resources */ = {isa = PBXBuildFile; fileRef = CF59BF1CF729D1B3E5480CA3 /* Assets.xcassets */; };
		CF59BFF07FDE71822E0BDFC5 /* LaunchScreen.storyboard in Resources */ = {isa = PBXBuildFile; fileRef = CF59B67C1CAC157B52055278 /* LaunchScreen.storyboard */; };
		D8C294611C8C4A55001B2AD4 /* AssetsTests.swift in Sources */ = {isa = PBXBuildFile; fileRef = D8C294601C8C4A55001B2AD4 /* AssetsTests.swift */; };
		D8C2946C1C8C517F001B2AD4 /* TracktSearchAPI.h in Headers */ = {isa = PBXBuildFile; fileRef = D8C2946B1C8C517F001B2AD4 /* TracktSearchAPI.h */; settings = {ATTRIBUTES = (Public, ); }; };
		D8C294731C8C517F001B2AD4 /* TracktSearchAPI.framework in Frameworks */ = {isa = PBXBuildFile; fileRef = D8C294691C8C517F001B2AD4 /* TracktSearchAPI.framework */; };
		D8C2947E1C8C517F001B2AD4 /* TracktSearchAPI.framework in Frameworks */ = {isa = PBXBuildFile; fileRef = D8C294691C8C517F001B2AD4 /* TracktSearchAPI.framework */; };
		D8C2947F1C8C517F001B2AD4 /* TracktSearchAPI.framework in Embed Frameworks */ = {isa = PBXBuildFile; fileRef = D8C294691C8C517F001B2AD4 /* TracktSearchAPI.framework */; settings = {ATTRIBUTES = (CodeSignOnCopy, RemoveHeadersOnCopy, ); }; };
		D8C294881C8C55F2001B2AD4 /* Alamofire.framework in Frameworks */ = {isa = PBXBuildFile; fileRef = D8C294871C8C55F2001B2AD4 /* Alamofire.framework */; };
		D8C2948A1C8C56EA001B2AD4 /* Alamofire.framework in Frameworks */ = {isa = PBXBuildFile; fileRef = D8C294871C8C55F2001B2AD4 /* Alamofire.framework */; };
		D8C2948B1C8C56EA001B2AD4 /* Alamofire.framework in Embed Frameworks */ = {isa = PBXBuildFile; fileRef = D8C294871C8C55F2001B2AD4 /* Alamofire.framework */; settings = {ATTRIBUTES = (CodeSignOnCopy, RemoveHeadersOnCopy, ); }; };
		D8C294A31C8C8D7A001B2AD4 /* ObjectMapper.framework in Frameworks */ = {isa = PBXBuildFile; fileRef = D8C294A21C8C8D7A001B2AD4 /* ObjectMapper.framework */; };
		D8D1619E1C8C333B0079F89D /* AppDelegate.swift in Sources */ = {isa = PBXBuildFile; fileRef = D8D1619D1C8C333B0079F89D /* AppDelegate.swift */; };
/* End PBXBuildFile section */

/* Begin PBXContainerItemProxy section */
		D8C294741C8C517F001B2AD4 /* PBXContainerItemProxy */ = {
			isa = PBXContainerItemProxy;
			containerPortal = D8D161921C8C333B0079F89D /* Project object */;
			proxyType = 1;
			remoteGlobalIDString = D8C294681C8C517F001B2AD4;
			remoteInfo = TracktSearchAPI;
		};
		D8C294761C8C517F001B2AD4 /* PBXContainerItemProxy */ = {
			isa = PBXContainerItemProxy;
			containerPortal = D8D161921C8C333B0079F89D /* Project object */;
			proxyType = 1;
			remoteGlobalIDString = D8D161991C8C333B0079F89D;
			remoteInfo = TraktSearcher;
		};
		D8C2947C1C8C517F001B2AD4 /* PBXContainerItemProxy */ = {
			isa = PBXContainerItemProxy;
			containerPortal = D8D161921C8C333B0079F89D /* Project object */;
			proxyType = 1;
			remoteGlobalIDString = D8C294681C8C517F001B2AD4;
			remoteInfo = TracktSearchAPI;
		};
		D8D161AF1C8C333B0079F89D /* PBXContainerItemProxy */ = {
			isa = PBXContainerItemProxy;
			containerPortal = D8D161921C8C333B0079F89D /* Project object */;
			proxyType = 1;
			remoteGlobalIDString = D8D161991C8C333B0079F89D;
			remoteInfo = TraktSearcher;
		};
/* End PBXContainerItemProxy section */

/* Begin PBXCopyFilesBuildPhase section */
		D8C294851C8C5180001B2AD4 /* Embed Frameworks */ = {
			isa = PBXCopyFilesBuildPhase;
			buildActionMask = 2147483647;
			dstPath = "";
			dstSubfolderSpec = 10;
			files = (
				D8C2947F1C8C517F001B2AD4 /* TracktSearchAPI.framework in Embed Frameworks */,
				D8C2948B1C8C56EA001B2AD4 /* Alamofire.framework in Embed Frameworks */,
			);
			name = "Embed Frameworks";
			runOnlyForDeploymentPostprocessing = 0;
		};
/* End PBXCopyFilesBuildPhase section */

/* Begin PBXFileReference section */
		CF59B09C3E9D91B6CA046CA5 /* Base */ = {isa = PBXFileReference; lastKnownFileType = file.storyboard; name = Base; path = TraktSearcher/Base.lproj/LaunchScreen.storyboard; sourceTree = SOURCE_ROOT; };
		CF59B664374928EC808C11D4 /* LICENSE */ = {isa = PBXFileReference; fileEncoding = 4; lastKnownFileType = text; path = LICENSE; sourceTree = "<group>"; };
		CF59BA004F582AC914DBFCFE /* Assets.swift */ = {isa = PBXFileReference; fileEncoding = 4; lastKnownFileType = sourcecode.swift; path = Assets.swift; sourceTree = "<group>"; };
		CF59BD1629362C7623959A70 /* Cartfile */ = {isa = PBXFileReference; fileEncoding = 4; lastKnownFileType = text; path = Cartfile; sourceTree = "<group>"; };
		CF59BDBFDC6E4E4865B2558C /* MainViewController.swift */ = {isa = PBXFileReference; fileEncoding = 4; lastKnownFileType = sourcecode.swift; path = MainViewController.swift; sourceTree = "<group>"; };
		CF59BE86DF97B1A666267FC7 /* README.md */ = {isa = PBXFileReference; fileEncoding = 4; lastKnownFileType = net.daringfireball.markdown; path = README.md; sourceTree = "<group>"; };
		CF59BF1CF729D1B3E5480CA3 /* Assets.xcassets */ = {isa = PBXFileReference; lastKnownFileType = folder.assetcatalog; path = Assets.xcassets; sourceTree = "<group>"; };
		D8C2945F1C8C4A54001B2AD4 /* TraktSearcherTests-Bridging-Header.h */ = {isa = PBXFileReference; lastKnownFileType = sourcecode.c.h; path = "TraktSearcherTests-Bridging-Header.h"; sourceTree = "<group>"; };
		D8C294601C8C4A55001B2AD4 /* AssetsTests.swift */ = {isa = PBXFileReference; fileEncoding = 4; lastKnownFileType = sourcecode.swift; path = AssetsTests.swift; sourceTree = "<group>"; };
		D8C294691C8C517F001B2AD4 /* TracktSearchAPI.framework */ = {isa = PBXFileReference; explicitFileType = wrapper.framework; includeInIndex = 0; path = TracktSearchAPI.framework; sourceTree = BUILT_PRODUCTS_DIR; };
		D8C2946B1C8C517F001B2AD4 /* TracktSearchAPI.h */ = {isa = PBXFileReference; lastKnownFileType = sourcecode.c.h; path = TracktSearchAPI.h; sourceTree = "<group>"; };
		D8C2946D1C8C517F001B2AD4 /* Info.plist */ = {isa = PBXFileReference; lastKnownFileType = text.plist.xml; path = Info.plist; sourceTree = "<group>"; };
		D8C294721C8C517F001B2AD4 /* TracktSearchAPITests.xctest */ = {isa = PBXFileReference; explicitFileType = wrapper.cfbundle; includeInIndex = 0; path = TracktSearchAPITests.xctest; sourceTree = BUILT_PRODUCTS_DIR; };
		D8C2947B1C8C517F001B2AD4 /* Info.plist */ = {isa = PBXFileReference; lastKnownFileType = text.plist.xml; path = Info.plist; sourceTree = "<group>"; };
		D8C294871C8C55F2001B2AD4 /* Alamofire.framework */ = {isa = PBXFileReference; lastKnownFileType = wrapper.framework; name = Alamofire.framework; path = Carthage/Build/iOS/Alamofire.framework; sourceTree = "<group>"; };
		D8C294911C8C7DF8001B2AD4 /* TracktSearchAPIIntegrationTests.xctest */ = {isa = PBXFileReference; explicitFileType = wrapper.cfbundle; includeInIndex = 0; path = TracktSearchAPIIntegrationTests.xctest; sourceTree = BUILT_PRODUCTS_DIR; };
		D8C294951C8C7DF8001B2AD4 /* Info.plist */ = {isa = PBXFileReference; lastKnownFileType = text.plist.xml; path = Info.plist; sourceTree = "<group>"; };
		D8C294A21C8C8D7A001B2AD4 /* ObjectMapper.framework */ = {isa = PBXFileReference; lastKnownFileType = wrapper.framework; name = ObjectMapper.framework; path = Carthage/Build/iOS/ObjectMapper.framework; sourceTree = "<group>"; };
		D8D1619A1C8C333B0079F89D /* TraktSearcher.app */ = {isa = PBXFileReference; explicitFileType = wrapper.application; includeInIndex = 0; path = TraktSearcher.app; sourceTree = BUILT_PRODUCTS_DIR; };
		D8D1619D1C8C333B0079F89D /* AppDelegate.swift */ = {isa = PBXFileReference; lastKnownFileType = sourcecode.swift; path = AppDelegate.swift; sourceTree = "<group>"; };
		D8D161A91C8C333B0079F89D /* Info.plist */ = {isa = PBXFileReference; lastKnownFileType = text.plist.xml; path = Info.plist; sourceTree = "<group>"; };
		D8D161AE1C8C333B0079F89D /* TraktSearcherTests.xctest */ = {isa = PBXFileReference; explicitFileType = wrapper.cfbundle; includeInIndex = 0; path = TraktSearcherTests.xctest; sourceTree = BUILT_PRODUCTS_DIR; };
		D8D161B41C8C333B0079F89D /* Info.plist */ = {isa = PBXFileReference; lastKnownFileType = text.plist.xml; path = Info.plist; sourceTree = "<group>"; };
/* End PBXFileReference section */

/* Begin PBXFrameworksBuildPhase section */
		D8C294651C8C517F001B2AD4 /* Frameworks */ = {
			isa = PBXFrameworksBuildPhase;
			buildActionMask = 2147483647;
			files = (
				D8C294A31C8C8D7A001B2AD4 /* ObjectMapper.framework in Frameworks */,
				D8C294881C8C55F2001B2AD4 /* Alamofire.framework in Frameworks */,
			);
			runOnlyForDeploymentPostprocessing = 0;
		};
		D8C2946F1C8C517F001B2AD4 /* Frameworks */ = {
			isa = PBXFrameworksBuildPhase;
			buildActionMask = 2147483647;
			files = (
				D8C294731C8C517F001B2AD4 /* TracktSearchAPI.framework in Frameworks */,
			);
			runOnlyForDeploymentPostprocessing = 0;
		};
		D8C2948E1C8C7DF8001B2AD4 /* Frameworks */ = {
			isa = PBXFrameworksBuildPhase;
			buildActionMask = 2147483647;
			files = (
				D8C294961C8C7DF8001B2AD4 /* TracktSearchAPI.framework in Frameworks */,
			);
			runOnlyForDeploymentPostprocessing = 0;
		};
		D8D161971C8C333B0079F89D /* Frameworks */ = {
			isa = PBXFrameworksBuildPhase;
			buildActionMask = 2147483647;
			files = (
				D8C2947E1C8C517F001B2AD4 /* TracktSearchAPI.framework in Frameworks */,
				D8C2948A1C8C56EA001B2AD4 /* Alamofire.framework in Frameworks */,
			);
			runOnlyForDeploymentPostprocessing = 0;
		};
		D8D161AB1C8C333B0079F89D /* Frameworks */ = {
			isa = PBXFrameworksBuildPhase;
			buildActionMask = 2147483647;
			files = (
			);
			runOnlyForDeploymentPostprocessing = 0;
		};
/* End PBXFrameworksBuildPhase section */

/* Begin PBXGroup section */
		CF59B19E3B1877A9B6DBDB34 /* Views & Controllers */ = {
			isa = PBXGroup;
			children = (
				CF59BDBFDC6E4E4865B2558C /* MainViewController.swift */,
			);
			path = "Views & Controllers";
			sourceTree = "<group>";
		};
		CF59BFC15A46E5ED3AE620D4 /* Resources */ = {
			isa = PBXGroup;
			children = (
				CF59B67C1CAC157B52055278 /* LaunchScreen.storyboard */,
				CF59BF1CF729D1B3E5480CA3 /* Assets.xcassets */,
				CF59BA004F582AC914DBFCFE /* Assets.swift */,
			);
			path = Resources;
			sourceTree = "<group>";
		};
		D8C2946A1C8C517F001B2AD4 /* TracktSearchAPI */ = {
			isa = PBXGroup;
			children = (
				D8C2946B1C8C517F001B2AD4 /* TracktSearchAPI.h */,
				D8C2946D1C8C517F001B2AD4 /* Info.plist */,
			);
			path = TracktSearchAPI;
			sourceTree = "<group>";
		};
		D8C294781C8C517F001B2AD4 /* TracktSearchAPITests */ = {
			isa = PBXGroup;
			children = (
				D8C2947B1C8C517F001B2AD4 /* Info.plist */,
			);
			path = TracktSearchAPITests;
			sourceTree = "<group>";
		};
		D8C2948C1C8C57B9001B2AD4 /* Frameworks */ = {
			isa = PBXGroup;
			children = (
				D8C294A21C8C8D7A001B2AD4 /* ObjectMapper.framework */,
				D8C294871C8C55F2001B2AD4 /* Alamofire.framework */,
			);
			name = Frameworks;
			sourceTree = "<group>";
		};
		D8C294921C8C7DF8001B2AD4 /* TracktSearchAPIIntegrationTests */ = {
			isa = PBXGroup;
			children = (
				D8C294951C8C7DF8001B2AD4 /* Info.plist */,
			);
			path = TracktSearchAPIIntegrationTests;
			sourceTree = "<group>";
		};
		D8D161911C8C333B0079F89D = {
			isa = PBXGroup;
			children = (
				D8C294921C8C7DF8001B2AD4 /* TracktSearchAPIIntegrationTests */,
				D8C2948C1C8C57B9001B2AD4 /* Frameworks */,
				D8D1619C1C8C333B0079F89D /* TraktSearcher */,
				D8D161B11C8C333B0079F89D /* TraktSearcherTests */,
				D8C2946A1C8C517F001B2AD4 /* TracktSearchAPI */,
				D8C294781C8C517F001B2AD4 /* TracktSearchAPITests */,
				D8D1619B1C8C333B0079F89D /* Products */,
				CF59BD1629362C7623959A70 /* Cartfile */,
				CF59B664374928EC808C11D4 /* LICENSE */,
				CF59BE86DF97B1A666267FC7 /* README.md */,
			);
			sourceTree = "<group>";
		};
		D8D1619B1C8C333B0079F89D /* Products */ = {
			isa = PBXGroup;
			children = (
				D8D1619A1C8C333B0079F89D /* TraktSearcher.app */,
				D8D161AE1C8C333B0079F89D /* TraktSearcherTests.xctest */,
				D8C294691C8C517F001B2AD4 /* TracktSearchAPI.framework */,
				D8C294721C8C517F001B2AD4 /* TracktSearchAPITests.xctest */,
				D8C294911C8C7DF8001B2AD4 /* TracktSearchAPIIntegrationTests.xctest */,
			);
			name = Products;
			sourceTree = "<group>";
		};
		D8D1619C1C8C333B0079F89D /* TraktSearcher */ = {
			isa = PBXGroup;
			children = (
				D8D1619D1C8C333B0079F89D /* AppDelegate.swift */,
				D8D161A91C8C333B0079F89D /* Info.plist */,
				CF59B19E3B1877A9B6DBDB34 /* Views & Controllers */,
				CF59BFC15A46E5ED3AE620D4 /* Resources */,
			);
			path = TraktSearcher;
			sourceTree = "<group>";
		};
		D8D161B11C8C333B0079F89D /* TraktSearcherTests */ = {
			isa = PBXGroup;
			children = (
				D8D161B41C8C333B0079F89D /* Info.plist */,
				D8C294601C8C4A55001B2AD4 /* AssetsTests.swift */,
				D8C2945F1C8C4A54001B2AD4 /* TraktSearcherTests-Bridging-Header.h */,
			);
			path = TraktSearcherTests;
			sourceTree = "<group>";
		};
/* End PBXGroup section */

/* Begin PBXHeadersBuildPhase section */
		D8C294661C8C517F001B2AD4 /* Headers */ = {
			isa = PBXHeadersBuildPhase;
			buildActionMask = 2147483647;
			files = (
				D8C2946C1C8C517F001B2AD4 /* TracktSearchAPI.h in Headers */,
			);
			runOnlyForDeploymentPostprocessing = 0;
		};
/* End PBXHeadersBuildPhase section */

/* Begin PBXNativeTarget section */
		D8C294681C8C517F001B2AD4 /* TracktSearchAPI */ = {
			isa = PBXNativeTarget;
			buildConfigurationList = D8C294841C8C5180001B2AD4 /* Build configuration list for PBXNativeTarget "TracktSearchAPI" */;
			buildPhases = (
				D8C294641C8C517F001B2AD4 /* Sources */,
				D8C294651C8C517F001B2AD4 /* Frameworks */,
				D8C294661C8C517F001B2AD4 /* Headers */,
				D8C294671C8C517F001B2AD4 /* Resources */,
			);
			buildRules = (
			);
			dependencies = (
			);
			name = TracktSearchAPI;
			productName = TracktSearchAPI;
			productReference = D8C294691C8C517F001B2AD4 /* TracktSearchAPI.framework */;
			productType = "com.apple.product-type.framework";
		};
		D8C294711C8C517F001B2AD4 /* TracktSearchAPITests */ = {
			isa = PBXNativeTarget;
			buildConfigurationList = D8C294861C8C5180001B2AD4 /* Build configuration list for PBXNativeTarget "TracktSearchAPITests" */;
			buildPhases = (
				D8C2946E1C8C517F001B2AD4 /* Sources */,
				D8C2946F1C8C517F001B2AD4 /* Frameworks */,
				D8C294701C8C517F001B2AD4 /* Resources */,
			);
			buildRules = (
			);
			dependencies = (
				D8C294751C8C517F001B2AD4 /* PBXTargetDependency */,
				D8C294771C8C517F001B2AD4 /* PBXTargetDependency */,
			);
			name = TracktSearchAPITests;
			productName = TracktSearchAPITests;
			productReference = D8C294721C8C517F001B2AD4 /* TracktSearchAPITests.xctest */;
			productType = "com.apple.product-type.bundle.unit-test";
		};
		D8C294901C8C7DF8001B2AD4 /* TracktSearchAPIIntegrationTests */ = {
			isa = PBXNativeTarget;
			buildConfigurationList = D8C2949B1C8C7DF8001B2AD4 /* Build configuration list for PBXNativeTarget "TracktSearchAPIIntegrationTests" */;
			buildPhases = (
				D8C2948D1C8C7DF8001B2AD4 /* Sources */,
				D8C2948E1C8C7DF8001B2AD4 /* Frameworks */,
				D8C2948F1C8C7DF8001B2AD4 /* Resources */,
			);
			buildRules = (
			);
			dependencies = (
				D8C294981C8C7DF8001B2AD4 /* PBXTargetDependency */,
			);
			name = TracktSearchAPIIntegrationTests;
			productName = TracktSearchAPIIntegrationTests;
			productReference = D8C294911C8C7DF8001B2AD4 /* TracktSearchAPIIntegrationTests.xctest */;
			productType = "com.apple.product-type.bundle.unit-test";
		};
		D8D161991C8C333B0079F89D /* TraktSearcher */ = {
			isa = PBXNativeTarget;
			buildConfigurationList = D8D161B71C8C333B0079F89D /* Build configuration list for PBXNativeTarget "TraktSearcher" */;
			buildPhases = (
				D8D161961C8C333B0079F89D /* Sources */,
				D8D161971C8C333B0079F89D /* Frameworks */,
				D8D161981C8C333B0079F89D /* Resources */,
				D8C294851C8C5180001B2AD4 /* Embed Frameworks */,
			);
			buildRules = (
			);
			dependencies = (
				D8C2947D1C8C517F001B2AD4 /* PBXTargetDependency */,
			);
			name = TraktSearcher;
			productName = TraktSearcher;
			productReference = D8D1619A1C8C333B0079F89D /* TraktSearcher.app */;
			productType = "com.apple.product-type.application";
		};
		D8D161AD1C8C333B0079F89D /* TraktSearcherTests */ = {
			isa = PBXNativeTarget;
			buildConfigurationList = D8D161BA1C8C333B0079F89D /* Build configuration list for PBXNativeTarget "TraktSearcherTests" */;
			buildPhases = (
				D8D161AA1C8C333B0079F89D /* Sources */,
				D8D161AB1C8C333B0079F89D /* Frameworks */,
				D8D161AC1C8C333B0079F89D /* Resources */,
			);
			buildRules = (
			);
			dependencies = (
				D8D161B01C8C333B0079F89D /* PBXTargetDependency */,
			);
			name = TraktSearcherTests;
			productName = TraktSearcherTests;
			productReference = D8D161AE1C8C333B0079F89D /* TraktSearcherTests.xctest */;
			productType = "com.apple.product-type.bundle.unit-test";
		};
/* End PBXNativeTarget section */

/* Begin PBXProject section */
		D8D161921C8C333B0079F89D /* Project object */ = {
			isa = PBXProject;
			attributes = {
				LastSwiftUpdateCheck = 0720;
				LastUpgradeCheck = 0720;
				ORGANIZATIONNAME = "Vitaly Chupryk";
				TargetAttributes = {
					D8C294681C8C517F001B2AD4 = {
						CreatedOnToolsVersion = 7.2.1;
					};
					D8C294711C8C517F001B2AD4 = {
						CreatedOnToolsVersion = 7.2.1;
					};
					D8C294901C8C7DF8001B2AD4 = {
						CreatedOnToolsVersion = 7.2.1;
					};
					D8D161991C8C333B0079F89D = {
						CreatedOnToolsVersion = 7.2.1;
					};
					D8D161AD1C8C333B0079F89D = {
						CreatedOnToolsVersion = 7.2.1;
						TestTargetID = D8D161991C8C333B0079F89D;
					};
				};
			};
			buildConfigurationList = D8D161951C8C333B0079F89D /* Build configuration list for PBXProject "TraktSearcher" */;
			compatibilityVersion = "Xcode 3.2";
			developmentRegion = English;
			hasScannedForEncodings = 0;
			knownRegions = (
				en,
				Base,
			);
			mainGroup = D8D161911C8C333B0079F89D;
			productRefGroup = D8D1619B1C8C333B0079F89D /* Products */;
			projectDirPath = "";
			projectRoot = "";
			targets = (
				D8D161991C8C333B0079F89D /* TraktSearcher */,
				D8D161AD1C8C333B0079F89D /* TraktSearcherTests */,
				D8C294681C8C517F001B2AD4 /* TracktSearchAPI */,
				D8C294711C8C517F001B2AD4 /* TracktSearchAPITests */,
				D8C294901C8C7DF8001B2AD4 /* TracktSearchAPIIntegrationTests */,
			);
		};
/* End PBXProject section */

/* Begin PBXResourcesBuildPhase section */
		D8C294671C8C517F001B2AD4 /* Resources */ = {
			isa = PBXResourcesBuildPhase;
			buildActionMask = 2147483647;
			files = (
			);
			runOnlyForDeploymentPostprocessing = 0;
		};
		D8C294701C8C517F001B2AD4 /* Resources */ = {
			isa = PBXResourcesBuildPhase;
			buildActionMask = 2147483647;
			files = (
			);
			runOnlyForDeploymentPostprocessing = 0;
		};
		D8D161981C8C333B0079F89D /* Resources */ = {
			isa = PBXResourcesBuildPhase;
			buildActionMask = 2147483647;
			files = (
				CF59BFF07FDE71822E0BDFC5 /* LaunchScreen.storyboard in Resources */,
				CF59B6EB83544068EDE635CE /* Assets.xcassets in Resources */,
			);
			runOnlyForDeploymentPostprocessing = 0;
		};
		D8D161AC1C8C333B0079F89D /* Resources */ = {
			isa = PBXResourcesBuildPhase;
			buildActionMask = 2147483647;
			files = (
			);
			runOnlyForDeploymentPostprocessing = 0;
		};
/* End PBXResourcesBuildPhase section */

/* Begin PBXSourcesBuildPhase section */
		D8C294641C8C517F001B2AD4 /* Sources */ = {
			isa = PBXSourcesBuildPhase;
			buildActionMask = 2147483647;
			files = (
			);
			runOnlyForDeploymentPostprocessing = 0;
		};
		D8C2946E1C8C517F001B2AD4 /* Sources */ = {
			isa = PBXSourcesBuildPhase;
			buildActionMask = 2147483647;
			files = (
			);
			runOnlyForDeploymentPostprocessing = 0;
		};
		D8C2948D1C8C7DF8001B2AD4 /* Sources */ = {
			isa = PBXSourcesBuildPhase;
			buildActionMask = 2147483647;
			files = (
			);
			runOnlyForDeploymentPostprocessing = 0;
		};
		D8D161961C8C333B0079F89D /* Sources */ = {
			isa = PBXSourcesBuildPhase;
			buildActionMask = 2147483647;
			files = (
				D8D1619E1C8C333B0079F89D /* AppDelegate.swift in Sources */,
				CF59B605A7B8F5B0E6C0C38D /* MainViewController.swift in Sources */,
				CF59B1A147AB0C143EA2F2D9 /* Assets.swift in Sources */,
			);
			runOnlyForDeploymentPostprocessing = 0;
		};
		D8D161AA1C8C333B0079F89D /* Sources */ = {
			isa = PBXSourcesBuildPhase;
			buildActionMask = 2147483647;
			files = (
				D8C294611C8C4A55001B2AD4 /* AssetsTests.swift in Sources */,
			);
			runOnlyForDeploymentPostprocessing = 0;
		};
/* End PBXSourcesBuildPhase section */

/* Begin PBXTargetDependency section */
		D8C294751C8C517F001B2AD4 /* PBXTargetDependency */ = {
			isa = PBXTargetDependency;
			target = D8C294681C8C517F001B2AD4 /* TracktSearchAPI */;
			targetProxy = D8C294741C8C517F001B2AD4 /* PBXContainerItemProxy */;
		};
		D8C294771C8C517F001B2AD4 /* PBXTargetDependency */ = {
			isa = PBXTargetDependency;
			target = D8D161991C8C333B0079F89D /* TraktSearcher */;
			targetProxy = D8C294761C8C517F001B2AD4 /* PBXContainerItemProxy */;
		};
		D8C2947D1C8C517F001B2AD4 /* PBXTargetDependency */ = {
			isa = PBXTargetDependency;
			target = D8C294681C8C517F001B2AD4 /* TracktSearchAPI */;
			targetProxy = D8C2947C1C8C517F001B2AD4 /* PBXContainerItemProxy */;
		};
		D8C294981C8C7DF8001B2AD4 /* PBXTargetDependency */ = {
			isa = PBXTargetDependency;
			target = D8C294681C8C517F001B2AD4 /* TracktSearchAPI */;
			targetProxy = D8C294971C8C7DF8001B2AD4 /* PBXContainerItemProxy */;
		};
		D8D161B01C8C333B0079F89D /* PBXTargetDependency */ = {
			isa = PBXTargetDependency;
			target = D8D161991C8C333B0079F89D /* TraktSearcher */;
			targetProxy = D8D161AF1C8C333B0079F89D /* PBXContainerItemProxy */;
		};
/* End PBXTargetDependency section */

/* Begin PBXVariantGroup section */
		CF59B67C1CAC157B52055278 /* LaunchScreen.storyboard */ = {
			isa = PBXVariantGroup;
			children = (
				CF59B09C3E9D91B6CA046CA5 /* Base */,
			);
			name = LaunchScreen.storyboard;
			sourceTree = "<group>";
		};
/* End PBXVariantGroup section */

/* Begin XCBuildConfiguration section */
		D8C294801C8C5180001B2AD4 /* Debug */ = {
			isa = XCBuildConfiguration;
			buildSettings = {
				CURRENT_PROJECT_VERSION = 1;
				DEFINES_MODULE = YES;
				DYLIB_COMPATIBILITY_VERSION = 1;
				DYLIB_CURRENT_VERSION = 1;
				DYLIB_INSTALL_NAME_BASE = "@rpath";
				FRAMEWORK_SEARCH_PATHS = (
					"$(inherited)",
					"$(PROJECT_DIR)/Carthage/Build/iOS",
				);
				INFOPLIST_FILE = TracktSearchAPI/Info.plist;
				INSTALL_PATH = "$(LOCAL_LIBRARY_DIR)/Frameworks";
				IPHONEOS_DEPLOYMENT_TARGET = 8.0;
				LD_RUNPATH_SEARCH_PATHS = "$(inherited) @executable_path/Frameworks @loader_path/Frameworks";
				PRODUCT_BUNDLE_IDENTIFIER = com.softmaxsg.TracktSearchAPI;
				PRODUCT_NAME = "$(TARGET_NAME)";
				SKIP_INSTALL = YES;
				TARGETED_DEVICE_FAMILY = "1,2";
				VERSIONING_SYSTEM = "apple-generic";
				VERSION_INFO_PREFIX = "";
			};
			name = Debug;
		};
		D8C294811C8C5180001B2AD4 /* Release */ = {
			isa = XCBuildConfiguration;
			buildSettings = {
				CURRENT_PROJECT_VERSION = 1;
				DEFINES_MODULE = YES;
				DYLIB_COMPATIBILITY_VERSION = 1;
				DYLIB_CURRENT_VERSION = 1;
				DYLIB_INSTALL_NAME_BASE = "@rpath";
				FRAMEWORK_SEARCH_PATHS = (
					"$(inherited)",
					"$(PROJECT_DIR)/Carthage/Build/iOS",
				);
				INFOPLIST_FILE = TracktSearchAPI/Info.plist;
				INSTALL_PATH = "$(LOCAL_LIBRARY_DIR)/Frameworks";
				IPHONEOS_DEPLOYMENT_TARGET = 8.0;
				LD_RUNPATH_SEARCH_PATHS = "$(inherited) @executable_path/Frameworks @loader_path/Frameworks";
				PRODUCT_BUNDLE_IDENTIFIER = com.softmaxsg.TracktSearchAPI;
				PRODUCT_NAME = "$(TARGET_NAME)";
				SKIP_INSTALL = YES;
				TARGETED_DEVICE_FAMILY = "1,2";
				VERSIONING_SYSTEM = "apple-generic";
				VERSION_INFO_PREFIX = "";
			};
			name = Release;
		};
		D8C294821C8C5180001B2AD4 /* Debug */ = {
			isa = XCBuildConfiguration;
			buildSettings = {
				INFOPLIST_FILE = TracktSearchAPITests/Info.plist;
				LD_RUNPATH_SEARCH_PATHS = "$(inherited) @executable_path/Frameworks @loader_path/Frameworks";
				PRODUCT_BUNDLE_IDENTIFIER = com.softmaxsg.TracktSearchAPITests;
				PRODUCT_NAME = "$(TARGET_NAME)";
			};
			name = Debug;
		};
		D8C294831C8C5180001B2AD4 /* Release */ = {
			isa = XCBuildConfiguration;
			buildSettings = {
				INFOPLIST_FILE = TracktSearchAPITests/Info.plist;
				LD_RUNPATH_SEARCH_PATHS = "$(inherited) @executable_path/Frameworks @loader_path/Frameworks";
				PRODUCT_BUNDLE_IDENTIFIER = com.softmaxsg.TracktSearchAPITests;
				PRODUCT_NAME = "$(TARGET_NAME)";
			};
			name = Release;
		};
		D8C294991C8C7DF8001B2AD4 /* Debug */ = {
			isa = XCBuildConfiguration;
			buildSettings = {
				INFOPLIST_FILE = TracktSearchAPIIntegrationTests/Info.plist;
				LD_RUNPATH_SEARCH_PATHS = "$(inherited) @executable_path/Frameworks @loader_path/Frameworks";
				PRODUCT_BUNDLE_IDENTIFIER = com.softmaxsg.TracktSearchAPIIntegrationTests;
				PRODUCT_NAME = "$(TARGET_NAME)";
			};
			name = Debug;
		};
		D8C2949A1C8C7DF8001B2AD4 /* Release */ = {
			isa = XCBuildConfiguration;
			buildSettings = {
				INFOPLIST_FILE = TracktSearchAPIIntegrationTests/Info.plist;
				LD_RUNPATH_SEARCH_PATHS = "$(inherited) @executable_path/Frameworks @loader_path/Frameworks";
				PRODUCT_BUNDLE_IDENTIFIER = com.softmaxsg.TracktSearchAPIIntegrationTests;
				PRODUCT_NAME = "$(TARGET_NAME)";
			};
			name = Release;
		};
		D8D161B51C8C333B0079F89D /* Debug */ = {
			isa = XCBuildConfiguration;
			buildSettings = {
				ALWAYS_SEARCH_USER_PATHS = NO;
				CLANG_CXX_LANGUAGE_STANDARD = "gnu++0x";
				CLANG_CXX_LIBRARY = "libc++";
				CLANG_ENABLE_MODULES = YES;
				CLANG_ENABLE_OBJC_ARC = YES;
				CLANG_WARN_BOOL_CONVERSION = YES;
				CLANG_WARN_CONSTANT_CONVERSION = YES;
				CLANG_WARN_DIRECT_OBJC_ISA_USAGE = YES_ERROR;
				CLANG_WARN_EMPTY_BODY = YES;
				CLANG_WARN_ENUM_CONVERSION = YES;
				CLANG_WARN_INT_CONVERSION = YES;
				CLANG_WARN_OBJC_ROOT_CLASS = YES_ERROR;
				CLANG_WARN_UNREACHABLE_CODE = YES;
				CLANG_WARN__DUPLICATE_METHOD_MATCH = YES;
				"CODE_SIGN_IDENTITY[sdk=iphoneos*]" = "iPhone Developer";
				COPY_PHASE_STRIP = NO;
				DEBUG_INFORMATION_FORMAT = dwarf;
				ENABLE_STRICT_OBJC_MSGSEND = YES;
				ENABLE_TESTABILITY = YES;
				GCC_C_LANGUAGE_STANDARD = gnu99;
				GCC_DYNAMIC_NO_PIC = NO;
				GCC_NO_COMMON_BLOCKS = YES;
				GCC_OPTIMIZATION_LEVEL = 0;
				GCC_PREPROCESSOR_DEFINITIONS = (
					"DEBUG=1",
					"$(inherited)",
				);
				GCC_WARN_64_TO_32_BIT_CONVERSION = YES;
				GCC_WARN_ABOUT_RETURN_TYPE = YES_ERROR;
				GCC_WARN_UNDECLARED_SELECTOR = YES;
				GCC_WARN_UNINITIALIZED_AUTOS = YES_AGGRESSIVE;
				GCC_WARN_UNUSED_FUNCTION = YES;
				GCC_WARN_UNUSED_VARIABLE = YES;
				IPHONEOS_DEPLOYMENT_TARGET = 9.2;
				MTL_ENABLE_DEBUG_INFO = YES;
				ONLY_ACTIVE_ARCH = YES;
				SDKROOT = iphoneos;
				SWIFT_OPTIMIZATION_LEVEL = "-Onone";
			};
			name = Debug;
		};
		D8D161B61C8C333B0079F89D /* Release */ = {
			isa = XCBuildConfiguration;
			buildSettings = {
				ALWAYS_SEARCH_USER_PATHS = NO;
				CLANG_CXX_LANGUAGE_STANDARD = "gnu++0x";
				CLANG_CXX_LIBRARY = "libc++";
				CLANG_ENABLE_MODULES = YES;
				CLANG_ENABLE_OBJC_ARC = YES;
				CLANG_WARN_BOOL_CONVERSION = YES;
				CLANG_WARN_CONSTANT_CONVERSION = YES;
				CLANG_WARN_DIRECT_OBJC_ISA_USAGE = YES_ERROR;
				CLANG_WARN_EMPTY_BODY = YES;
				CLANG_WARN_ENUM_CONVERSION = YES;
				CLANG_WARN_INT_CONVERSION = YES;
				CLANG_WARN_OBJC_ROOT_CLASS = YES_ERROR;
				CLANG_WARN_UNREACHABLE_CODE = YES;
				CLANG_WARN__DUPLICATE_METHOD_MATCH = YES;
				"CODE_SIGN_IDENTITY[sdk=iphoneos*]" = "iPhone Developer";
				COPY_PHASE_STRIP = NO;
				DEBUG_INFORMATION_FORMAT = "dwarf-with-dsym";
				ENABLE_NS_ASSERTIONS = NO;
				ENABLE_STRICT_OBJC_MSGSEND = YES;
				GCC_C_LANGUAGE_STANDARD = gnu99;
				GCC_NO_COMMON_BLOCKS = YES;
				GCC_WARN_64_TO_32_BIT_CONVERSION = YES;
				GCC_WARN_ABOUT_RETURN_TYPE = YES_ERROR;
				GCC_WARN_UNDECLARED_SELECTOR = YES;
				GCC_WARN_UNINITIALIZED_AUTOS = YES_AGGRESSIVE;
				GCC_WARN_UNUSED_FUNCTION = YES;
				GCC_WARN_UNUSED_VARIABLE = YES;
				IPHONEOS_DEPLOYMENT_TARGET = 9.2;
				MTL_ENABLE_DEBUG_INFO = NO;
				SDKROOT = iphoneos;
				VALIDATE_PRODUCT = YES;
			};
			name = Release;
		};
		D8D161B81C8C333B0079F89D /* Debug */ = {
			isa = XCBuildConfiguration;
			buildSettings = {
				ASSETCATALOG_COMPILER_APPICON_NAME = AppIcon;
				FRAMEWORK_SEARCH_PATHS = (
					"$(inherited)",
					"$(PROJECT_DIR)/Carthage/Build/iOS",
				);
				INFOPLIST_FILE = TraktSearcher/Info.plist;
				IPHONEOS_DEPLOYMENT_TARGET = 8.0;
				LD_RUNPATH_SEARCH_PATHS = "$(inherited) @executable_path/Frameworks";
				PRODUCT_BUNDLE_IDENTIFIER = com.softmaxsg.TraktSearcher;
				PRODUCT_NAME = "$(TARGET_NAME)";
				TARGETED_DEVICE_FAMILY = "1,2";
			};
			name = Debug;
		};
		D8D161B91C8C333B0079F89D /* Release */ = {
			isa = XCBuildConfiguration;
			buildSettings = {
				ASSETCATALOG_COMPILER_APPICON_NAME = AppIcon;
				FRAMEWORK_SEARCH_PATHS = (
					"$(inherited)",
					"$(PROJECT_DIR)/Carthage/Build/iOS",
				);
				INFOPLIST_FILE = TraktSearcher/Info.plist;
				IPHONEOS_DEPLOYMENT_TARGET = 8.0;
				LD_RUNPATH_SEARCH_PATHS = "$(inherited) @executable_path/Frameworks";
				PRODUCT_BUNDLE_IDENTIFIER = com.softmaxsg.TraktSearcher;
				PRODUCT_NAME = "$(TARGET_NAME)";
				TARGETED_DEVICE_FAMILY = "1,2";
			};
			name = Release;
		};
		D8D161BB1C8C333B0079F89D /* Debug */ = {
			isa = XCBuildConfiguration;
			buildSettings = {
				BUNDLE_LOADER = "$(TEST_HOST)";
				CLANG_ENABLE_MODULES = YES;
				INFOPLIST_FILE = TraktSearcherTests/Info.plist;
				LD_RUNPATH_SEARCH_PATHS = "$(inherited) @executable_path/Frameworks @loader_path/Frameworks";
				PRODUCT_BUNDLE_IDENTIFIER = com.softmaxsg.TraktSearcherTests;
				PRODUCT_NAME = "$(TARGET_NAME)";
				SWIFT_OBJC_BRIDGING_HEADER = "TraktSearcherTests/TraktSearcherTests-Bridging-Header.h";
				SWIFT_OPTIMIZATION_LEVEL = "-Onone";
				TEST_HOST = "$(BUILT_PRODUCTS_DIR)/TraktSearcher.app/TraktSearcher";
			};
			name = Debug;
		};
		D8D161BC1C8C333B0079F89D /* Release */ = {
			isa = XCBuildConfiguration;
			buildSettings = {
				BUNDLE_LOADER = "$(TEST_HOST)";
				CLANG_ENABLE_MODULES = YES;
				INFOPLIST_FILE = TraktSearcherTests/Info.plist;
				LD_RUNPATH_SEARCH_PATHS = "$(inherited) @executable_path/Frameworks @loader_path/Frameworks";
				PRODUCT_BUNDLE_IDENTIFIER = com.softmaxsg.TraktSearcherTests;
				PRODUCT_NAME = "$(TARGET_NAME)";
				SWIFT_OBJC_BRIDGING_HEADER = "TraktSearcherTests/TraktSearcherTests-Bridging-Header.h";
				TEST_HOST = "$(BUILT_PRODUCTS_DIR)/TraktSearcher.app/TraktSearcher";
			};
			name = Release;
		};
/* End XCBuildConfiguration section */

/* Begin XCConfigurationList section */
		D8C294841C8C5180001B2AD4 /* Build configuration list for PBXNativeTarget "TracktSearchAPI" */ = {
			isa = XCConfigurationList;
			buildConfigurations = (
				D8C294801C8C5180001B2AD4 /* Debug */,
				D8C294811C8C5180001B2AD4 /* Release */,
			);
			defaultConfigurationIsVisible = 0;
			defaultConfigurationName = Release;
		};
		D8C294861C8C5180001B2AD4 /* Build configuration list for PBXNativeTarget "TracktSearchAPITests" */ = {
			isa = XCConfigurationList;
			buildConfigurations = (
				D8C294821C8C5180001B2AD4 /* Debug */,
				D8C294831C8C5180001B2AD4 /* Release */,
			);
			defaultConfigurationIsVisible = 0;
			defaultConfigurationName = Release;
		};
		D8C2949B1C8C7DF8001B2AD4 /* Build configuration list for PBXNativeTarget "TracktSearchAPIIntegrationTests" */ = {
			isa = XCConfigurationList;
			buildConfigurations = (
				D8C294991C8C7DF8001B2AD4 /* Debug */,
				D8C2949A1C8C7DF8001B2AD4 /* Release */,
			);
			defaultConfigurationIsVisible = 0;
		};
		D8D161951C8C333B0079F89D /* Build configuration list for PBXProject "TraktSearcher" */ = {
			isa = XCConfigurationList;
			buildConfigurations = (
				D8D161B51C8C333B0079F89D /* Debug */,
				D8D161B61C8C333B0079F89D /* Release */,
			);
			defaultConfigurationIsVisible = 0;
			defaultConfigurationName = Release;
		};
		D8D161B71C8C333B0079F89D /* Build configuration list for PBXNativeTarget "TraktSearcher" */ = {
			isa = XCConfigurationList;
			buildConfigurations = (
				D8D161B81C8C333B0079F89D /* Debug */,
				D8D161B91C8C333B0079F89D /* Release */,
			);
			defaultConfigurationIsVisible = 0;
			defaultConfigurationName = Release;
		};
		D8D161BA1C8C333B0079F89D /* Build configuration list for PBXNativeTarget "TraktSearcherTests" */ = {
			isa = XCConfigurationList;
			buildConfigurations = (
				D8D161BB1C8C333B0079F89D /* Debug */,
				D8D161BC1C8C333B0079F89D /* Release */,
			);
			defaultConfigurationIsVisible = 0;
			defaultConfigurationName = Release;
		};
/* End XCConfigurationList section */
	};
	rootObject = D8D161921C8C333B0079F89D /* Project object */;
}
